{
  "version": 4,
  "terraform_version": "1.3.7",
  "serial": 109,
  "lineage": "f9c64285-4aa2-c564-b940-8af489bbd63b",
  "outputs": {
    "instances": {
      "value": [
        "158.160.41.131"
      ],
      "type": [
        "tuple",
        [
          "string"
        ]
      ]
    },
    "json_key": {
      "value": "{\"created_at\":\"2023-01-08T09:58:59Z\",\"id\":\"ajem5t7v5vr6r8psuvqv\",\"key_algorithm\":\"RSA_4096\",\"private_key\":\"-----BEGIN PRIVATE KEY-----\\nMIIJQAIBADANBgkqhkiG9w0BAQEFAASCCSowggkmAgEAAoICAQCNJ2vmHvSjC8R0\\ncTx6xAHxlaeM7c7S1zDaox/c83HvCuNfo7QDrIu9FLr8cH+pZOXbS2IqWq/OL3me\\nu6DsWWLBr28BquUVGk4Eb/OhAs1z9EfiOTgtICgHwIekO8D831AJ/+Z/yAkdlfuH\\nYYFv/crctu8pe0xzlGnZZRYibGt4CCucs4mt8WCcZl8LYvJBlUZdTFhrayNjo5ur\\npraq91P0YV0PFUfl2LPNXlhtcHX7kSIxX2IHAzIf2dequ9+Ds843VLWBJUVHtf1W\\nYE0Zn8XfaeYXfocKItEhCZKISzpt4W4pZ71fT2+WFqpund0cvq5lkvcM1MSja2j9\\nuooZPx1JOFN4B4wD0+j4F0jprdHsE1cu1D4C2dQiRyilnqSBmjX0/G1Ij1fZp27F\\nB59oftDt70sIlNfL+TezAAUmJEAxtkKgRq9tjwJ+RnRtS5PftoBtMHsOghQ7fIco\\nbpHQR+kRjeVzKM1pmLKxiekCWlnKFsJIoKXlUCHS04cRclX459t6yJcFxmzp+LtE\\nnWKF2uxHtJy3iSYPsMjlhQ9rQKxCvGpgGd3xpEz0oAJoFCdt4Yk1gZKW7ZrjJUxp\\nk1C92n47Z3aTy+Hgy5aB9/seUKbnUpj0wlJ5kDQTJu18HTtNpgzGXZqU31HAIs9Y\\nRkOBE8pbSiuP8Sy3px77Fh/WTQc/ZQIDAQABAoIB/w/Vzs7omxjdK5GRqlRr9lYT\\nUpJ7VO233OlcHS5DjYV3o0+FrX94tmXI7K42+k3hDJHHcer9WOxejPMVm+qAjGK2\\nkai/lZeZ5SwheeYzZcetffzPgSGa3yrj0yAMp0fT7UIYr5/5uJsYyNmVyrT+ao3l\\nea7VnFLE1Rd/DXnu/8CA0TTTs0/1y8kVRZiQJEdlgZ2r8gbuge3opjh+XkmsUMzw\\ngwvPfFKCiMm+SRqtaP/31bbOFOGXEVPlxZbjTUGlViUMABvU7GbZsJEg3QrR5HsM\\n5Wgtthhn5cCo55Z0IPktVPisG/TRs1YnosQBlJzgHe0pyGKz1gdic6akW2gvvsEh\\nQ4F+tyQt4B3DvM312Aa9nPpimGQhjnQ2xisHt9/ZyMkNtyuwc8fQZtzR5FKCbtMj\\nhjXyvntp73ppGccTju/kiSfJtomaUvwOglj1uQXzXqIQCuRikrMlyuU/ytXGFiyl\\ntlmbw2kW30xm6pnK/t3U5QOUG7ZmBeykpP6ERsYaDhP7m7kknWPGpHCBAVp5JSjz\\nn8ujhBHm+m6jxKOYoFXxCpPv1Wa1RboGinRgI+AkhetnDm7/RCuSc5yzBfDQaFaA\\nK8bJbYCboSvLczNYtMYwYhoC8oMblxfL9Yy1cAo1yx1vz7x1riu2REsQxOzw2/R7\\n3EI1lu+XYaZJNYcsi9kCggEBALvyXGbzsqBWWd99dygMzcpKin/6PecwCCJgYQyp\\npfx8IU4QuhW2h4snaJa8V68CoPqdXZSlb0zV2qjqmKClEmIU4voTP6N7KDUUYUnQ\\nG/U5xSl8aWDvPHMH8Uw4O5XoOi4heLuTLAAOmpReBNmHt/DR0l5Rf4563RjBJot7\\neAqyBCVnXShwQzvmwdAzrFHDClnggY0uFhJLvLpY2iS5sy0//9mBhYoy57lLcWDw\\nwKwkFNWMvRwKNEaKKtziqMusjq66/+BkJwJ/KBRMcnXXapzx2wAgsxM2JHLDpey6\\nIFvQgMPGyxh7rsLiD5yFj4JeYBRDMynK6311ptjk820l7GkCggEBAMBDoPQmzP0F\\nBm2+caCZ5Gsq/9i4w6bpa4ZsSgorCiTdIy9HlvjHvuhspKcCljc1thmwnDY9RzBl\\np1kG2/4NkEE4+ciRM5bd7UipKeFwIkX4isAeAXSLvh5v7BfbIwfNGMUpDnLJj5rJ\\nX3SFs/s09gc3obfO9nOF2H24AKuBZsdmHFCMKOHzFvIcUWnQRuvn4z0AGt2wJM3n\\nNHZcHZokUbqySOKVBcwDUndgcLaDH+gHw0TBdIcU413VyggoaVkX5wTcN+INzqSg\\nQJYifPTdynU0WvIKn8da86ftwEqVxLM5XQZLxps7Hvu2NMinz+Pg73rN5b75QwBi\\nTx3RBiYey50CggEAYlHLHOBnlZEWut97sivgi+6qvYA/We26k6Evo9wrxQV6tsfx\\nUOKHzbfz8sbcZ+VMKU6hYd2Zd+x30t3GsmMoVr7ubjwbkn4e7oWWz3Ja7dIm3ikD\\nR35fdR22kVTpduZhaTiBXD8FSZJaMztr9hAVnZlmH4kq3XJQr157t4QDrDSsDpUg\\nGsN/qJpy0WP2xV7uz02u+Bgf27pbJHDOzV+H6CgOw84J+d3fcwOQcFIBuQu3Cm/x\\njfWYmz40ZhD8lG/UxHt22AAMmDXE1bmYNyVV1HyBQHPaujYcoxzOdCR6QQ22DrS0\\nEj7BkZmI6SzFgkG0qWTuIvLQdnVRry02Wub34QKCAQA7L9aJsrQiI/zhpeH27cka\\nkKcoQWDBrlPSkt2MGcnKpWTidihst5j2lhNt8mbp4hgH+o1sSRr0NCb7ShhJMkW5\\nPl/utXxrMjCM0L66zrlOTv/vuoz6ItbJKe1FPsme6i147HWtMo2JufovtcU9TQV8\\nHU0kd4r47zhBI3bZVUGdmrqWtT8Up6/looARkfNzRfR3X+PlYQdDd6x3z02xmQKr\\n9ZxoXDXnoxIs+7xXAzC8Tj93mBJWT0DbLyg9sKsVqT0OCvkNFvEJTufzD/TlsK1V\\nvWNN5aVgSoh9prwuecKO5dbUTFl8igu0s1e2eaqO3Tz70gyq6LMOmDUA2csJyysl\\nAoIBAEssn8cNDjdqlKOp/4C6enP9C+InbAIXle2+HT0zlUJbxX3eiB1uDBeLUMHh\\nH37T8PCEtjjb0Z1XhD/kB4eYiOiubyufw+ULb4+I5OgUyxa7s+EYWgUu6t35GxOq\\nGGiKaGIRsBSwzI9ThIIFo+ILVA+GMoSE4BeCVcFZ6c2b6H9DY64dAlw9OntC0rNu\\nzwC6CQQEQEvZM9atHuDDGJDorKIFdg6egMgYDO1HpIc57yrLAMxpE2urUna3oG+u\\nsGJTiYm2aMbc75u2T9/CWXWgIuz7T7/CK25AxWzalLlrWdEL0H5M8Bl7mH3eM5OT\\nzIr5A2SSTEkyBnnWYDMeWE4Bshw=\\n-----END PRIVATE KEY-----\\n\",\"public_key\":\"-----BEGIN PUBLIC KEY-----\\nMIICIjANBgkqhkiG9w0BAQEFAAOCAg8AMIICCgKCAgEAjSdr5h70owvEdHE8esQB\\n8ZWnjO3O0tcw2qMf3PNx7wrjX6O0A6yLvRS6/HB/qWTl20tiKlqvzi95nrug7Fli\\nwa9vAarlFRpOBG/zoQLNc/RH4jk4LSAoB8CHpDvA/N9QCf/mf8gJHZX7h2GBb/3K\\n3LbvKXtMc5Rp2WUWImxreAgrnLOJrfFgnGZfC2LyQZVGXUxYa2sjY6Obq6a2qvdT\\n9GFdDxVH5dizzV5YbXB1+5EiMV9iBwMyH9nXqrvfg7PON1S1gSVFR7X9VmBNGZ/F\\n32nmF36HCiLRIQmSiEs6beFuKWe9X09vlhaqbp3dHL6uZZL3DNTEo2to/bqKGT8d\\nSThTeAeMA9Po+BdI6a3R7BNXLtQ+AtnUIkcopZ6kgZo19PxtSI9X2aduxQefaH7Q\\n7e9LCJTXy/k3swAFJiRAMbZCoEavbY8CfkZ0bUuT37aAbTB7DoIUO3yHKG6R0Efp\\nEY3lcyjNaZiysYnpAlpZyhbCSKCl5VAh0tOHEXJV+OfbesiXBcZs6fi7RJ1ihdrs\\nR7Sct4kmD7DI5YUPa0CsQrxqYBnd8aRM9KACaBQnbeGJNYGSlu2a4yVMaZNQvdp+\\nO2d2k8vh4MuWgff7HlCm51KY9MJSeZA0EybtfB07TaYMxl2alN9RwCLPWEZDgRPK\\nW0orj/Est6ce+xYf1k0HP2UCAwEAAQ==\\n-----END PUBLIC KEY-----\\n\",\"service_account_id\":\"ajevjishl4l4eejnmobb\"}",
      "type": "string",
      "sensitive": true
    },
    "networks": {
      "value": [
        {
          "vpcs": {
            "network_id": "enpo97fiv8gtg2kdm6ck",
            "subnet_id": [
              "e9bspnuqf959cuaafru8"
            ],
            "subnet_zone": [
              "ru-central1-a"
            ]
          }
        }
      ],
      "type": [
        "tuple",
        [
          [
            "object",
            {
              "vpcs": [
                "object",
                {
                  "network_id": "string",
                  "subnet_id": [
                    "tuple",
                    [
                      "string"
                    ]
                  ],
                  "subnet_zone": [
                    "tuple",
                    [
                      "string"
                    ]
                  ]
                }
              ]
            }
          ]
        ]
      ]
    },
    "networks-1": {
      "value": "enpo97fiv8gtg2kdm6ck",
      "type": "string"
    },
    "security_group_name": {
      "value": "enp7h76bs6lcg987igf2",
      "type": "string"
    },
    "subnet-1": {
      "value": [
        "e9bspnuqf959cuaafru8"
      ],
      "type": [
        "tuple",
        [
          "string"
        ]
      ]
    },
    "test": {
      "value": "e9bspnuqf959cuaafru8",
      "type": "string"
    },
    "test2": {
      "value": "ru-central1-a",
      "type": "string"
    }
  },
  "resources": [
    {
      "module": "module.dns_zone[\"msh762.ru\"]",
      "mode": "managed",
      "type": "yandex_dns_recordset",
      "name": "records",
      "provider": "provider[\"registry.terraform.io/yandex-cloud/yandex\"]",
      "instances": [
        {
          "index_key": "gitlab A",
          "schema_version": 0,
          "attributes": {
            "data": [
              "158.160.41.131"
            ],
            "id": "dns9t1e2u78norod2k3i/gitlab/A",
            "name": "gitlab",
            "timeouts": null,
            "ttl": 30,
            "type": "A",
            "zone_id": "dns9t1e2u78norod2k3i"
          },
          "sensitive_attributes": [],
          "private": "eyJlMmJmYjczMC1lY2FhLTExZTYtOGY4OC0zNDM2M2JjN2M0YzAiOnsiY3JlYXRlIjozMDAwMDAwMDAwMDAsImRlbGV0ZSI6MzAwMDAwMDAwMDAwLCJ1cGRhdGUiOjMwMDAwMDAwMDAwMH19",
          "dependencies": [
            "module.dns_zone.yandex_dns_zone.dns_zone",
            "module.instancies.yandex_compute_instance.instance",
            "module.vpcs.yandex_vpc_network.network",
            "module.vpcs.yandex_vpc_subnet.subnet"
          ]
        }
      ]
    },
    {
      "module": "module.dns_zone[\"msh762.ru\"]",
      "mode": "managed",
      "type": "yandex_dns_zone",
      "name": "dns_zone",
      "provider": "provider[\"registry.terraform.io/yandex-cloud/yandex\"]",
      "instances": [
        {
          "schema_version": 0,
          "attributes": {
            "created_at": "2023-01-08T08:32:49Z",
            "description": "",
            "folder_id": "b1gej9vsvd338lgf242g",
            "id": "dns9t1e2u78norod2k3i",
            "labels": {},
            "name": "msh762-zone",
            "private_networks": [],
            "public": true,
            "timeouts": null,
            "zone": "msh762.ru."
          },
          "sensitive_attributes": [],
          "private": "eyJlMmJmYjczMC1lY2FhLTExZTYtOGY4OC0zNDM2M2JjN2M0YzAiOnsiY3JlYXRlIjozMDAwMDAwMDAwMDAsImRlbGV0ZSI6MzAwMDAwMDAwMDAwLCJ1cGRhdGUiOjMwMDAwMDAwMDAwMH19",
          "dependencies": [
            "module.instancies.yandex_compute_instance.instance",
            "module.vpcs.yandex_vpc_network.network",
            "module.vpcs.yandex_vpc_subnet.subnet"
          ]
        }
      ]
    },
    {
      "module": "module.instancies[\"instancies\"]",
      "mode": "managed",
      "type": "yandex_compute_instance",
      "name": "instance",
      "provider": "provider[\"registry.terraform.io/yandex-cloud/yandex\"]",
      "instances": [
        {
          "index_key": "fd8autg36kchufhej85b ru-central1-a  name1 4 8 30 true demo-instance-user-data-0.yaml",
          "schema_version": 1,
          "attributes": {
            "allow_recreate": null,
            "allow_stopping_for_update": null,
            "boot_disk": [
              {
                "auto_delete": true,
                "device_name": "fhmkhm1g060hj92vgaep",
                "disk_id": "fhmkhm1g060hj92vgaep",
                "initialize_params": [
                  {
                    "block_size": 4096,
                    "description": "",
                    "image_id": "fd8autg36kchufhej85b",
                    "name": "",
                    "size": 30,
                    "snapshot_id": "",
                    "type": "network-hdd"
                  }
                ],
                "mode": "READ_WRITE"
              }
            ],
            "created_at": "2023-01-08T08:32:08Z",
            "description": "",
            "filesystem": [],
            "folder_id": "b1gej9vsvd338lgf242g",
            "fqdn": "fhmplgblhse1pf159do1.auto.internal",
            "hostname": "",
            "id": "fhmplgblhse1pf159do1",
            "labels": {},
            "local_disk": [],
            "metadata": {
              "user-data": "#cloud-config\nusers:\n  - name: mikhail\n    groups: sudo\n    shell: /bin/bash\n    sudo: ['ALL=(ALL) NOPASSWD:ALL']\n    ssh_authorized_keys:\n      - ssh-rsa AAAAB3NzaC1yc2EAAAADAQABAAABgQCYKe3FJkCn/GiKqKbc9Ow6bAaVXgUIXD+tVkdUYGCn6hl7LQggQqVLCX8PbpSx/14JXlCLjw3rVmLwNU8oI+fn5S4mQiFCLNyIigoLBaUhETu7bMgJzQli+EC4g/kcg+l5bqCs7bvqNMCFi1xhE0BFz7yUblkVccRcufEsQ/9t8SRVi99VMdUkXIh0Mas2CVU+dEq2BNTymORsICimh8CscTBm2wGqLOlGdobFg3r+muUs2LrdVKOl1d2/Oh2PQBXgRMmEM4tByJFtDSydvk38Vl7Ll4l+H5cZKxQj4x/WS2jE5t8kZq9k+ebVdDy7Or5aekNjmERz1vcO7fsHdBixrLsgOOe6+3sG4KAr3A7YaB7O0opEeAkcaQevFg/2sHaE/vsas9WwKhbPPis+jbLVeL1nGsjN2VzV1xFocTJSdSxYOQUF4N0kbuSj1OR1SPg0nS3m7qaI0Lf/+eyzzXyGJzeNQhHwPLiuND9izcNlZ0+MYrB08dC87WqzoGzlTkM= mikhail@mikhailHP"
            },
            "metadata_options": [
              {
                "aws_v1_http_endpoint": 1,
                "aws_v1_http_token": 1,
                "gce_http_endpoint": 1,
                "gce_http_token": 1
              }
            ],
            "name": "name1",
            "network_acceleration_type": "standard",
            "network_interface": [
              {
                "dns_record": [],
                "index": 0,
                "ip_address": "192.168.0.33",
                "ipv4": true,
                "ipv6": false,
                "ipv6_address": "",
                "ipv6_dns_record": [],
                "mac_address": "d0:0d:19:ac:17:58",
                "nat": true,
                "nat_dns_record": [],
                "nat_ip_address": "158.160.41.131",
                "nat_ip_version": "IPV4",
                "security_group_ids": [],
                "subnet_id": "e9bspnuqf959cuaafru8"
              }
            ],
            "placement_policy": [
              {
                "host_affinity_rules": [],
                "placement_group_id": ""
              }
            ],
            "platform_id": "standard-v1",
            "resources": [
              {
                "core_fraction": 100,
                "cores": 4,
                "gpus": 0,
                "memory": 8
              }
            ],
            "scheduling_policy": [
              {
                "preemptible": false
              }
            ],
            "secondary_disk": [],
            "service_account_id": "",
            "status": "running",
            "timeouts": null,
            "zone": "ru-central1-a"
          },
          "sensitive_attributes": [],
          "private": "eyJlMmJmYjczMC1lY2FhLTExZTYtOGY4OC0zNDM2M2JjN2M0YzAiOnsiY3JlYXRlIjozMDAwMDAwMDAwMDAsImRlbGV0ZSI6MzAwMDAwMDAwMDAwLCJ1cGRhdGUiOjMwMDAwMDAwMDAwMH0sInNjaGVtYV92ZXJzaW9uIjoiMSJ9",
          "dependencies": [
            "module.vpcs.yandex_vpc_network.network",
            "module.vpcs.yandex_vpc_subnet.subnet"
          ]
        }
      ]
    },
    {
      "module": "module.inventory",
      "mode": "managed",
      "type": "local_file",
      "name": "inventory",
      "provider": "provider[\"registry.terraform.io/hashicorp/local\"]",
      "instances": [
        {
          "schema_version": 0,
          "attributes": {
            "content": "[nodes]\ntest-node-0 ansible_host=158.160.41.131 ansible_user=mikhail\n",
            "content_base64": null,
            "directory_permission": "0777",
            "file_permission": "0777",
            "filename": "../ansible/hosts",
            "id": "61fe38563e9a789c784c51411ad6bdbaba498318",
            "sensitive_content": null,
            "source": null
          },
          "sensitive_attributes": [],
          "private": "bnVsbA==",
          "dependencies": [
            "module.instancies.yandex_compute_instance.instance",
            "module.vpcs.yandex_vpc_network.network",
            "module.vpcs.yandex_vpc_subnet.subnet"
          ]
        }
      ]
    },
    {
      "module": "module.k8s_security_group",
      "mode": "managed",
      "type": "yandex_vpc_security_group",
      "name": "k8s-main-sg",
      "provider": "provider[\"registry.terraform.io/yandex-cloud/yandex\"]",
      "instances": [
        {
          "schema_version": 0,
          "attributes": {
            "created_at": "2023-01-08T08:32:07Z",
            "description": "Правила группы обеспечивают базовую работоспособность кластера. Примените ее к кластеру и группам узлов.",
            "egress": [
              {
                "description": "Правило разрешает весь исходящий трафик. Узлы могут связаться с Yandex Container Registry, Object Storage, Docker Hub и т. д.",
                "from_port": 0,
                "id": "enp7fte02mjofcievjqd",
                "labels": {},
                "port": -1,
                "predefined_target": "",
                "protocol": "ANY",
                "security_group_id": "",
                "to_port": 65535,
                "v4_cidr_blocks": [
                  "0.0.0.0/0"
                ],
                "v6_cidr_blocks": []
              }
            ],
            "folder_id": "b1gej9vsvd338lgf242g",
            "id": "enp7h76bs6lcg987igf2",
            "ingress": [
              {
                "description": "",
                "from_port": -1,
                "id": "enp7hqanuj6bh5r5cqtv",
                "labels": {},
                "port": -1,
                "predefined_target": "",
                "protocol": "TCP",
                "security_group_id": "",
                "to_port": -1,
                "v4_cidr_blocks": [
                  "198.18.235.0/24",
                  "198.18.248.0/24"
                ],
                "v6_cidr_blocks": []
              },
              {
                "description": "",
                "from_port": -1,
                "id": "enpf9l93e4asmv4helng",
                "labels": {},
                "port": 443,
                "predefined_target": "",
                "protocol": "TCP",
                "security_group_id": "",
                "to_port": -1,
                "v4_cidr_blocks": [
                  "0.0.0.0/0"
                ],
                "v6_cidr_blocks": []
              },
              {
                "description": "",
                "from_port": -1,
                "id": "enpfq95f2f1qul8qon6a",
                "labels": {},
                "port": 80,
                "predefined_target": "",
                "protocol": "TCP",
                "security_group_id": "",
                "to_port": -1,
                "v4_cidr_blocks": [
                  "0.0.0.0/0"
                ],
                "v6_cidr_blocks": []
              },
              {
                "description": "Правило разрешает взаимодействие мастер-узел и узел-узел внутри группы безопасности.",
                "from_port": 0,
                "id": "enp558vb7it2rsmt69rf",
                "labels": {},
                "port": -1,
                "predefined_target": "self_security_group",
                "protocol": "ANY",
                "security_group_id": "",
                "to_port": 65535,
                "v4_cidr_blocks": [],
                "v6_cidr_blocks": []
              },
              {
                "description": "Правило разрешает взаимодействие под-под и сервис-сервис. Укажите подсети вашего кластера и сервисов.",
                "from_port": 0,
                "id": "enpg2p1agedrodal2g4h",
                "labels": {},
                "port": -1,
                "predefined_target": "",
                "protocol": "ANY",
                "security_group_id": "",
                "to_port": 65535,
                "v4_cidr_blocks": [
                  "10.96.0.0/16",
                  "10.112.0.0/16"
                ],
                "v6_cidr_blocks": []
              },
              {
                "description": "Правило разрешает отладочные ICMP-пакеты из внутренних подсетей.",
                "from_port": -1,
                "id": "enpeo4sigup674alal73",
                "labels": {},
                "port": -1,
                "predefined_target": "",
                "protocol": "ICMP",
                "security_group_id": "",
                "to_port": -1,
                "v4_cidr_blocks": [
                  "172.16.0.0/12",
                  "10.0.0.0/8",
                  "192.168.0.0/16"
                ],
                "v6_cidr_blocks": []
              }
            ],
            "labels": {},
            "name": "k8s-main-sg",
            "network_id": "enpo97fiv8gtg2kdm6ck",
            "status": "ACTIVE",
            "timeouts": null
          },
          "sensitive_attributes": [],
          "private": "eyJlMmJmYjczMC1lY2FhLTExZTYtOGY4OC0zNDM2M2JjN2M0YzAiOnsiY3JlYXRlIjoxODAwMDAwMDAwMDAsImRlbGV0ZSI6MTgwMDAwMDAwMDAwLCJ1cGRhdGUiOjE4MDAwMDAwMDAwMH19",
          "dependencies": [
            "module.vpcs.yandex_vpc_network.network",
            "module.vpcs.yandex_vpc_subnet.subnet"
          ]
        }
      ]
    },
    {
      "module": "module.kubernetes_node_group",
      "mode": "managed",
      "type": "yandex_kubernetes_node_group",
      "name": "node_group",
      "provider": "provider[\"registry.terraform.io/yandex-cloud/yandex\"]",
      "instances": [
        {
          "schema_version": 0,
          "attributes": {
            "allocation_policy": [
              {
                "location": [
                  {
                    "subnet_id": "e9bspnuqf959cuaafru8",
                    "zone": "ru-central1-a"
                  }
                ]
              }
            ],
            "allowed_unsafe_sysctls": [],
            "cluster_id": "cat0b6od018nbhvbapi4",
            "created_at": "2023-01-08T08:39:21Z",
            "deploy_policy": [
              {
                "max_expansion": 3,
                "max_unavailable": 0
              }
            ],
            "description": "",
            "id": "catgefv1nf74jk0sepjo",
            "instance_group_id": "cl1p0efrma5g5c4jk54t",
            "instance_template": [
              {
                "boot_disk": [
                  {
                    "size": 30,
                    "type": "network-hdd"
                  }
                ],
                "container_runtime": [
                  {
                    "type": "containerd"
                  }
                ],
                "labels": {},
                "metadata": {
                  "ssh-keys": "mikhail:ssh-rsa AAAAB3NzaC1yc2EAAAADAQABAAABgQCYKe3FJkCn/GiKqKbc9Ow6bAaVXgUIXD+tVkdUYGCn6hl7LQggQqVLCX8PbpSx/14JXlCLjw3rVmLwNU8oI+fn5S4mQiFCLNyIigoLBaUhETu7bMgJzQli+EC4g/kcg+l5bqCs7bvqNMCFi1xhE0BFz7yUblkVccRcufEsQ/9t8SRVi99VMdUkXIh0Mas2CVU+dEq2BNTymORsICimh8CscTBm2wGqLOlGdobFg3r+muUs2LrdVKOl1d2/Oh2PQBXgRMmEM4tByJFtDSydvk38Vl7Ll4l+H5cZKxQj4x/WS2jE5t8kZq9k+ebVdDy7Or5aekNjmERz1vcO7fsHdBixrLsgOOe6+3sG4KAr3A7YaB7O0opEeAkcaQevFg/2sHaE/vsas9WwKhbPPis+jbLVeL1nGsjN2VzV1xFocTJSdSxYOQUF4N0kbuSj1OR1SPg0nS3m7qaI0Lf/+eyzzXyGJzeNQhHwPLiuND9izcNlZ0+MYrB08dC87WqzoGzlTkM= mikhail@mikhailHP\n"
                },
                "name": "",
                "nat": true,
                "network_acceleration_type": "type_unspecified",
                "network_interface": [
                  {
                    "ipv4": true,
                    "ipv4_dns_records": [],
                    "ipv6": false,
                    "ipv6_dns_records": [],
                    "nat": true,
                    "security_group_ids": [],
                    "subnet_ids": [
                      "e9bspnuqf959cuaafru8"
                    ]
                  }
                ],
                "placement_policy": [],
                "platform_id": "standard-v2",
                "resources": [
                  {
                    "core_fraction": 100,
                    "cores": 2,
                    "gpus": 0,
                    "memory": 2
                  }
                ],
                "scheduling_policy": [
                  {
                    "preemptible": false
                  }
                ]
              }
            ],
            "labels": {},
            "maintenance_policy": [
              {
                "auto_repair": true,
                "auto_upgrade": true,
                "maintenance_window": [
                  {
                    "day": "friday",
                    "duration": "4h30m0s",
                    "start_time": "10:00:00.000000000"
                  },
                  {
                    "day": "monday",
                    "duration": "3h0m0s",
                    "start_time": "15:00:00.000000000"
                  }
                ]
              }
            ],
            "name": "kube-infra",
            "node_labels": {},
            "node_taints": [],
            "scale_policy": [
              {
                "auto_scale": [],
                "fixed_scale": [
                  {
                    "size": 1
                  }
                ]
              }
            ],
            "status": "running",
            "timeouts": null,
            "version": "1.22",
            "version_info": [
              {
                "current_version": "1.22",
                "new_revision_available": false,
                "new_revision_summary": "",
                "version_deprecated": false
              }
            ]
          },
          "sensitive_attributes": [],
          "private": "eyJlMmJmYjczMC1lY2FhLTExZTYtOGY4OC0zNDM2M2JjN2M0YzAiOnsiY3JlYXRlIjozNjAwMDAwMDAwMDAwLCJkZWxldGUiOjEyMDAwMDAwMDAwMDAsInJlYWQiOjYwMDAwMDAwMDAwMCwidXBkYXRlIjozNjAwMDAwMDAwMDAwfX0=",
          "dependencies": [
            "module.k8s_security_group.yandex_vpc_security_group.k8s-main-sg",
            "module.service_account.yandex_iam_service_account.ingress",
            "module.service_account.yandex_iam_service_account.sa",
            "module.service_account.yandex_iam_service_account_key.ingress",
            "module.service_account.yandex_resourcemanager_folder_iam_member.alb_editor",
            "module.service_account.yandex_resourcemanager_folder_iam_member.editor",
            "module.vpcs.yandex_vpc_network.network",
            "module.vpcs.yandex_vpc_subnet.subnet",
            "module.yandex_kubernetes_cluster.yandex_kubernetes_cluster.zonal_cluster"
          ]
        }
      ]
    },
    {
      "module": "module.service_account",
      "mode": "managed",
      "type": "yandex_iam_service_account",
      "name": "ingress",
      "provider": "provider[\"registry.terraform.io/yandex-cloud/yandex\"]",
      "instances": [
        {
          "schema_version": 0,
          "attributes": {
            "created_at": "2023-01-08T08:32:04Z",
            "description": "",
            "folder_id": "b1gej9vsvd338lgf242g",
            "id": "ajevjishl4l4eejnmobb",
            "name": "ingress-controller",
            "timeouts": null
          },
          "sensitive_attributes": [],
          "private": "eyJlMmJmYjczMC1lY2FhLTExZTYtOGY4OC0zNDM2M2JjN2M0YzAiOnsiY3JlYXRlIjo2MDAwMDAwMDAwMCwiZGVsZXRlIjo2MDAwMDAwMDAwMCwidXBkYXRlIjo2MDAwMDAwMDAwMH19"
        }
      ]
    },
    {
      "module": "module.service_account",
      "mode": "managed",
      "type": "yandex_iam_service_account",
      "name": "sa",
      "provider": "provider[\"registry.terraform.io/yandex-cloud/yandex\"]",
      "instances": [
        {
          "schema_version": 0,
          "attributes": {
            "created_at": "2023-01-08T08:32:05Z",
            "description": "",
            "folder_id": "b1gej9vsvd338lgf242g",
            "id": "aje6okb2jhknutvkrolp",
            "name": "kube-infra",
            "timeouts": null
          },
          "sensitive_attributes": [],
          "private": "eyJlMmJmYjczMC1lY2FhLTExZTYtOGY4OC0zNDM2M2JjN2M0YzAiOnsiY3JlYXRlIjo2MDAwMDAwMDAwMCwiZGVsZXRlIjo2MDAwMDAwMDAwMCwidXBkYXRlIjo2MDAwMDAwMDAwMH19"
        }
      ]
    },
    {
      "module": "module.service_account",
      "mode": "managed",
      "type": "yandex_iam_service_account_key",
      "name": "ingress",
      "provider": "provider[\"registry.terraform.io/yandex-cloud/yandex\"]",
      "instances": [
        {
          "schema_version": 0,
          "attributes": {
            "created_at": "2023-01-08T09:58:59Z",
            "description": "",
            "encrypted_private_key": null,
            "format": "PEM_FILE",
            "id": "ajem5t7v5vr6r8psuvqv",
            "key_algorithm": "RSA_4096",
            "key_fingerprint": null,
            "pgp_key": null,
            "private_key": "-----BEGIN PRIVATE KEY-----\nMIIJQAIBADANBgkqhkiG9w0BAQEFAASCCSowggkmAgEAAoICAQCNJ2vmHvSjC8R0\ncTx6xAHxlaeM7c7S1zDaox/c83HvCuNfo7QDrIu9FLr8cH+pZOXbS2IqWq/OL3me\nu6DsWWLBr28BquUVGk4Eb/OhAs1z9EfiOTgtICgHwIekO8D831AJ/+Z/yAkdlfuH\nYYFv/crctu8pe0xzlGnZZRYibGt4CCucs4mt8WCcZl8LYvJBlUZdTFhrayNjo5ur\npraq91P0YV0PFUfl2LPNXlhtcHX7kSIxX2IHAzIf2dequ9+Ds843VLWBJUVHtf1W\nYE0Zn8XfaeYXfocKItEhCZKISzpt4W4pZ71fT2+WFqpund0cvq5lkvcM1MSja2j9\nuooZPx1JOFN4B4wD0+j4F0jprdHsE1cu1D4C2dQiRyilnqSBmjX0/G1Ij1fZp27F\nB59oftDt70sIlNfL+TezAAUmJEAxtkKgRq9tjwJ+RnRtS5PftoBtMHsOghQ7fIco\nbpHQR+kRjeVzKM1pmLKxiekCWlnKFsJIoKXlUCHS04cRclX459t6yJcFxmzp+LtE\nnWKF2uxHtJy3iSYPsMjlhQ9rQKxCvGpgGd3xpEz0oAJoFCdt4Yk1gZKW7ZrjJUxp\nk1C92n47Z3aTy+Hgy5aB9/seUKbnUpj0wlJ5kDQTJu18HTtNpgzGXZqU31HAIs9Y\nRkOBE8pbSiuP8Sy3px77Fh/WTQc/ZQIDAQABAoIB/w/Vzs7omxjdK5GRqlRr9lYT\nUpJ7VO233OlcHS5DjYV3o0+FrX94tmXI7K42+k3hDJHHcer9WOxejPMVm+qAjGK2\nkai/lZeZ5SwheeYzZcetffzPgSGa3yrj0yAMp0fT7UIYr5/5uJsYyNmVyrT+ao3l\nea7VnFLE1Rd/DXnu/8CA0TTTs0/1y8kVRZiQJEdlgZ2r8gbuge3opjh+XkmsUMzw\ngwvPfFKCiMm+SRqtaP/31bbOFOGXEVPlxZbjTUGlViUMABvU7GbZsJEg3QrR5HsM\n5Wgtthhn5cCo55Z0IPktVPisG/TRs1YnosQBlJzgHe0pyGKz1gdic6akW2gvvsEh\nQ4F+tyQt4B3DvM312Aa9nPpimGQhjnQ2xisHt9/ZyMkNtyuwc8fQZtzR5FKCbtMj\nhjXyvntp73ppGccTju/kiSfJtomaUvwOglj1uQXzXqIQCuRikrMlyuU/ytXGFiyl\ntlmbw2kW30xm6pnK/t3U5QOUG7ZmBeykpP6ERsYaDhP7m7kknWPGpHCBAVp5JSjz\nn8ujhBHm+m6jxKOYoFXxCpPv1Wa1RboGinRgI+AkhetnDm7/RCuSc5yzBfDQaFaA\nK8bJbYCboSvLczNYtMYwYhoC8oMblxfL9Yy1cAo1yx1vz7x1riu2REsQxOzw2/R7\n3EI1lu+XYaZJNYcsi9kCggEBALvyXGbzsqBWWd99dygMzcpKin/6PecwCCJgYQyp\npfx8IU4QuhW2h4snaJa8V68CoPqdXZSlb0zV2qjqmKClEmIU4voTP6N7KDUUYUnQ\nG/U5xSl8aWDvPHMH8Uw4O5XoOi4heLuTLAAOmpReBNmHt/DR0l5Rf4563RjBJot7\neAqyBCVnXShwQzvmwdAzrFHDClnggY0uFhJLvLpY2iS5sy0//9mBhYoy57lLcWDw\nwKwkFNWMvRwKNEaKKtziqMusjq66/+BkJwJ/KBRMcnXXapzx2wAgsxM2JHLDpey6\nIFvQgMPGyxh7rsLiD5yFj4JeYBRDMynK6311ptjk820l7GkCggEBAMBDoPQmzP0F\nBm2+caCZ5Gsq/9i4w6bpa4ZsSgorCiTdIy9HlvjHvuhspKcCljc1thmwnDY9RzBl\np1kG2/4NkEE4+ciRM5bd7UipKeFwIkX4isAeAXSLvh5v7BfbIwfNGMUpDnLJj5rJ\nX3SFs/s09gc3obfO9nOF2H24AKuBZsdmHFCMKOHzFvIcUWnQRuvn4z0AGt2wJM3n\nNHZcHZokUbqySOKVBcwDUndgcLaDH+gHw0TBdIcU413VyggoaVkX5wTcN+INzqSg\nQJYifPTdynU0WvIKn8da86ftwEqVxLM5XQZLxps7Hvu2NMinz+Pg73rN5b75QwBi\nTx3RBiYey50CggEAYlHLHOBnlZEWut97sivgi+6qvYA/We26k6Evo9wrxQV6tsfx\nUOKHzbfz8sbcZ+VMKU6hYd2Zd+x30t3GsmMoVr7ubjwbkn4e7oWWz3Ja7dIm3ikD\nR35fdR22kVTpduZhaTiBXD8FSZJaMztr9hAVnZlmH4kq3XJQr157t4QDrDSsDpUg\nGsN/qJpy0WP2xV7uz02u+Bgf27pbJHDOzV+H6CgOw84J+d3fcwOQcFIBuQu3Cm/x\njfWYmz40ZhD8lG/UxHt22AAMmDXE1bmYNyVV1HyBQHPaujYcoxzOdCR6QQ22DrS0\nEj7BkZmI6SzFgkG0qWTuIvLQdnVRry02Wub34QKCAQA7L9aJsrQiI/zhpeH27cka\nkKcoQWDBrlPSkt2MGcnKpWTidihst5j2lhNt8mbp4hgH+o1sSRr0NCb7ShhJMkW5\nPl/utXxrMjCM0L66zrlOTv/vuoz6ItbJKe1FPsme6i147HWtMo2JufovtcU9TQV8\nHU0kd4r47zhBI3bZVUGdmrqWtT8Up6/looARkfNzRfR3X+PlYQdDd6x3z02xmQKr\n9ZxoXDXnoxIs+7xXAzC8Tj93mBJWT0DbLyg9sKsVqT0OCvkNFvEJTufzD/TlsK1V\nvWNN5aVgSoh9prwuecKO5dbUTFl8igu0s1e2eaqO3Tz70gyq6LMOmDUA2csJyysl\nAoIBAEssn8cNDjdqlKOp/4C6enP9C+InbAIXle2+HT0zlUJbxX3eiB1uDBeLUMHh\nH37T8PCEtjjb0Z1XhD/kB4eYiOiubyufw+ULb4+I5OgUyxa7s+EYWgUu6t35GxOq\nGGiKaGIRsBSwzI9ThIIFo+ILVA+GMoSE4BeCVcFZ6c2b6H9DY64dAlw9OntC0rNu\nzwC6CQQEQEvZM9atHuDDGJDorKIFdg6egMgYDO1HpIc57yrLAMxpE2urUna3oG+u\nsGJTiYm2aMbc75u2T9/CWXWgIuz7T7/CK25AxWzalLlrWdEL0H5M8Bl7mH3eM5OT\nzIr5A2SSTEkyBnnWYDMeWE4Bshw=\n-----END PRIVATE KEY-----\n",
            "public_key": "-----BEGIN PUBLIC KEY-----\nMIICIjANBgkqhkiG9w0BAQEFAAOCAg8AMIICCgKCAgEAjSdr5h70owvEdHE8esQB\n8ZWnjO3O0tcw2qMf3PNx7wrjX6O0A6yLvRS6/HB/qWTl20tiKlqvzi95nrug7Fli\nwa9vAarlFRpOBG/zoQLNc/RH4jk4LSAoB8CHpDvA/N9QCf/mf8gJHZX7h2GBb/3K\n3LbvKXtMc5Rp2WUWImxreAgrnLOJrfFgnGZfC2LyQZVGXUxYa2sjY6Obq6a2qvdT\n9GFdDxVH5dizzV5YbXB1+5EiMV9iBwMyH9nXqrvfg7PON1S1gSVFR7X9VmBNGZ/F\n32nmF36HCiLRIQmSiEs6beFuKWe9X09vlhaqbp3dHL6uZZL3DNTEo2to/bqKGT8d\nSThTeAeMA9Po+BdI6a3R7BNXLtQ+AtnUIkcopZ6kgZo19PxtSI9X2aduxQefaH7Q\n7e9LCJTXy/k3swAFJiRAMbZCoEavbY8CfkZ0bUuT37aAbTB7DoIUO3yHKG6R0Efp\nEY3lcyjNaZiysYnpAlpZyhbCSKCl5VAh0tOHEXJV+OfbesiXBcZs6fi7RJ1ihdrs\nR7Sct4kmD7DI5YUPa0CsQrxqYBnd8aRM9KACaBQnbeGJNYGSlu2a4yVMaZNQvdp+\nO2d2k8vh4MuWgff7HlCm51KY9MJSeZA0EybtfB07TaYMxl2alN9RwCLPWEZDgRPK\nW0orj/Est6ce+xYf1k0HP2UCAwEAAQ==\n-----END PUBLIC KEY-----\n",
            "service_account_id": "ajevjishl4l4eejnmobb"
          },
          "sensitive_attributes": [],
          "private": "bnVsbA==",
          "dependencies": [
            "module.service_account.yandex_iam_service_account.ingress"
          ]
        }
      ]
    },
    {
      "module": "module.service_account",
      "mode": "managed",
      "type": "yandex_resourcemanager_folder_iam_member",
      "name": "alb_editor",
      "provider": "provider[\"registry.terraform.io/yandex-cloud/yandex\"]",
      "instances": [
        {
          "index_key": "alb.editor",
          "schema_version": 0,
          "attributes": {
            "folder_id": "b1gej9vsvd338lgf242g",
            "id": "b1gej9vsvd338lgf242g/alb.editor/serviceAccount:ajevjishl4l4eejnmobb",
            "member": "serviceAccount:ajevjishl4l4eejnmobb",
            "role": "alb.editor",
            "sleep_after": null
          },
          "sensitive_attributes": [],
          "private": "bnVsbA==",
          "dependencies": [
            "module.service_account.yandex_iam_service_account.ingress"
          ]
        },
        {
          "index_key": "certificate-manager.certificates.downloader",
          "schema_version": 0,
          "attributes": {
            "folder_id": "b1gej9vsvd338lgf242g",
            "id": "b1gej9vsvd338lgf242g/certificate-manager.certificates.downloader/serviceAccount:ajevjishl4l4eejnmobb",
            "member": "serviceAccount:ajevjishl4l4eejnmobb",
            "role": "certificate-manager.certificates.downloader",
            "sleep_after": null
          },
          "sensitive_attributes": [],
          "private": "bnVsbA==",
          "dependencies": [
            "module.service_account.yandex_iam_service_account.ingress"
          ]
        },
        {
          "index_key": "compute.viewer",
          "schema_version": 0,
          "attributes": {
            "folder_id": "b1gej9vsvd338lgf242g",
            "id": "b1gej9vsvd338lgf242g/compute.viewer/serviceAccount:ajevjishl4l4eejnmobb",
            "member": "serviceAccount:ajevjishl4l4eejnmobb",
            "role": "compute.viewer",
            "sleep_after": null
          },
          "sensitive_attributes": [],
          "private": "bnVsbA==",
          "dependencies": [
            "module.service_account.yandex_iam_service_account.ingress"
          ]
        },
        {
          "index_key": "vpc.publicAdmin",
          "schema_version": 0,
          "attributes": {
            "folder_id": "b1gej9vsvd338lgf242g",
            "id": "b1gej9vsvd338lgf242g/vpc.publicAdmin/serviceAccount:ajevjishl4l4eejnmobb",
            "member": "serviceAccount:ajevjishl4l4eejnmobb",
            "role": "vpc.publicAdmin",
            "sleep_after": null
          },
          "sensitive_attributes": [],
          "private": "bnVsbA==",
          "dependencies": [
            "module.service_account.yandex_iam_service_account.ingress"
          ]
        }
      ]
    },
    {
      "module": "module.service_account",
      "mode": "managed",
      "type": "yandex_resourcemanager_folder_iam_member",
      "name": "editor",
      "provider": "provider[\"registry.terraform.io/yandex-cloud/yandex\"]",
      "instances": [
        {
          "schema_version": 0,
          "attributes": {
            "folder_id": "b1gej9vsvd338lgf242g",
            "id": "b1gej9vsvd338lgf242g/editor/serviceAccount:aje6okb2jhknutvkrolp",
            "member": "serviceAccount:aje6okb2jhknutvkrolp",
            "role": "editor",
            "sleep_after": null
          },
          "sensitive_attributes": [],
          "private": "bnVsbA==",
          "dependencies": [
            "module.service_account.yandex_iam_service_account.sa"
          ]
        }
      ]
    },
    {
      "module": "module.vpcs[\"vpcs\"]",
      "mode": "managed",
      "type": "yandex_vpc_network",
      "name": "network",
      "provider": "provider[\"registry.terraform.io/yandex-cloud/yandex\"]",
      "instances": [
        {
          "schema_version": 0,
          "attributes": {
            "created_at": "2023-01-08T08:32:04Z",
            "default_security_group_id": "",
            "description": "",
            "folder_id": "b1gej9vsvd338lgf242g",
            "id": "enpo97fiv8gtg2kdm6ck",
            "labels": {},
            "name": "network",
            "subnet_ids": [
              "e9bqggsa0ohlp4jeer96",
              "e9bspnuqf959cuaafru8",
              "e9bt8gme0en2jbdg903k"
            ],
            "timeouts": null
          },
          "sensitive_attributes": [],
          "private": "eyJlMmJmYjczMC1lY2FhLTExZTYtOGY4OC0zNDM2M2JjN2M0YzAiOnsiY3JlYXRlIjo2MDAwMDAwMDAwMCwiZGVsZXRlIjo2MDAwMDAwMDAwMCwidXBkYXRlIjo2MDAwMDAwMDAwMH19"
        }
      ]
    },
    {
      "module": "module.vpcs[\"vpcs\"]",
      "mode": "managed",
      "type": "yandex_vpc_subnet",
      "name": "subnet",
      "provider": "provider[\"registry.terraform.io/yandex-cloud/yandex\"]",
      "instances": [
        {
          "index_key": "subnet ru-central1-a 192.168.0.0/24",
          "schema_version": 0,
          "attributes": {
            "created_at": "2023-01-08T08:32:05Z",
            "description": "",
            "dhcp_options": [],
            "folder_id": "b1gej9vsvd338lgf242g",
            "id": "e9bspnuqf959cuaafru8",
            "labels": {},
            "name": "subnet",
            "network_id": "enpo97fiv8gtg2kdm6ck",
            "route_table_id": "",
            "timeouts": null,
            "v4_cidr_blocks": [
              "192.168.0.0/24"
            ],
            "v6_cidr_blocks": [],
            "zone": "ru-central1-a"
          },
          "sensitive_attributes": [],
          "private": "eyJlMmJmYjczMC1lY2FhLTExZTYtOGY4OC0zNDM2M2JjN2M0YzAiOnsiY3JlYXRlIjoxODAwMDAwMDAwMDAsImRlbGV0ZSI6MTgwMDAwMDAwMDAwLCJ1cGRhdGUiOjE4MDAwMDAwMDAwMH19",
          "dependencies": [
            "module.vpcs.yandex_vpc_network.network"
          ]
        }
      ]
    },
    {
      "module": "module.yandex_kubernetes_cluster",
      "mode": "managed",
      "type": "yandex_kubernetes_cluster",
      "name": "zonal_cluster",
      "provider": "provider[\"registry.terraform.io/yandex-cloud/yandex\"]",
      "instances": [
        {
          "schema_version": 0,
          "attributes": {
            "cluster_ipv4_range": "10.112.0.0/16",
            "cluster_ipv6_range": "",
            "created_at": "2023-01-08T08:32:16Z",
            "description": "",
            "folder_id": "b1gej9vsvd338lgf242g",
            "health": "healthy",
            "id": "cat0b6od018nbhvbapi4",
            "kms_provider": [],
            "labels": {},
            "log_group_id": "ckgd8odf2mrkl21emama",
            "master": [
              {
                "cluster_ca_certificate": "-----BEGIN CERTIFICATE-----\nMIIC5zCCAc+gAwIBAgIBADANBgkqhkiG9w0BAQsFADAVMRMwEQYDVQQDEwprdWJl\ncm5ldGVzMB4XDTIzMDEwODA4MzIxN1oXDTMzMDEwNTA4MzIxN1owFTETMBEGA1UE\nAxMKa3ViZXJuZXRlczCCASIwDQYJKoZIhvcNAQEBBQADggEPADCCAQoCggEBAOyi\nDVBUtNfSxIqQ+qHJCwD3B3NMO9k0ly3vQ3ZonjoaXbHD2MXJLOdGNg6QRjkCiOrL\neNMazq4Zx8QkN99Soeg1SdG/HL1pWDuXt1gBp6agmnoGvnm7plnH0y1sHQX3HkDM\n6p5DNFeWlKzmth49YCJpgU8esbzLbT065f/qLcbBMaiRM3yNFIqquOLzON2NnDHd\nRk6PjnTu84K2V2fFMzlqoApmTB5Du3E10AGrb10uTbZ1o8dlCUtIdzVq/wb9eJl7\nxbA18XPooxXQXdYnY7++FXn3th2QE/g2jfd9tHP+jw9MdVBXI2p0Wq1rm0Ngjpf4\n5POU4dKlKgM9BpxCFXUCAwEAAaNCMEAwDgYDVR0PAQH/BAQDAgKkMA8GA1UdEwEB\n/wQFMAMBAf8wHQYDVR0OBBYEFATf9RubSk5XQzhlu0huHgtNTfDzMA0GCSqGSIb3\nDQEBCwUAA4IBAQC/ur59MUSVjaCjjW+LDiaanA1N6NlkiqZemX7QndYmDjKuTYG2\nOmAnhrQ0WP5DIR66Zcjej6QgJ5q/BZ2VMnSh02R9whS7iWZKK2v2dz4bTwvu9sIN\nADlftgJXui1Ydcvn4P0tkVcptfNK5YEInNtrLWxtC5gLyYxInYmIuFlLVHApmJoJ\nFv/dLpSvQCcgCkGHkUjv7aSZJDNeEAcBoLOy4MBD2n+vL9fkyZXtkXmzoE4rPeoe\npwZn0bXtQAgxwzDNzbw9ctEecw33zPcDVD0xz6GwaYbxOI/uc+acvLYZEGHo5X88\n/dM10Ujft3Dur0mwA3NW5QmsT7mMcgq3L90w\n-----END CERTIFICATE-----\n",
                "external_v4_address": "158.160.35.93",
                "external_v4_endpoint": "https://158.160.35.93",
                "external_v6_address": "",
                "external_v6_endpoint": "",
                "internal_v4_address": "192.168.0.31",
                "internal_v4_endpoint": "https://192.168.0.31",
                "maintenance_policy": [
                  {
                    "auto_upgrade": true,
                    "maintenance_window": [
                      {
                        "day": "",
                        "duration": "3h0m0s",
                        "start_time": "15:00:00.000000000"
                      }
                    ]
                  }
                ],
                "public_ip": true,
                "regional": [],
                "security_group_ids": [
                  "enp7h76bs6lcg987igf2"
                ],
                "version": "1.22",
                "version_info": [
                  {
                    "current_version": "1.22",
                    "new_revision_available": false,
                    "new_revision_summary": "",
                    "version_deprecated": false
                  }
                ],
                "zonal": [
                  {
                    "subnet_id": "e9bspnuqf959cuaafru8",
                    "zone": "ru-central1-a"
                  }
                ]
              }
            ],
            "name": "kube-infra",
            "network_id": "enpo97fiv8gtg2kdm6ck",
            "network_implementation": [],
            "network_policy_provider": null,
            "node_ipv4_cidr_mask_size": 24,
            "node_service_account_id": "aje6okb2jhknutvkrolp",
            "release_channel": "REGULAR",
            "service_account_id": "aje6okb2jhknutvkrolp",
            "service_ipv4_range": "10.96.0.0/16",
            "service_ipv6_range": "",
            "status": "running",
            "timeouts": null
          },
          "sensitive_attributes": [],
          "private": "eyJlMmJmYjczMC1lY2FhLTExZTYtOGY4OC0zNDM2M2JjN2M0YzAiOnsiY3JlYXRlIjoxODAwMDAwMDAwMDAwLCJkZWxldGUiOjEyMDAwMDAwMDAwMDAsInJlYWQiOjMwMDAwMDAwMDAwMCwidXBkYXRlIjoxODAwMDAwMDAwMDAwfX0=",
          "dependencies": [
            "module.k8s_security_group.yandex_vpc_security_group.k8s-main-sg",
            "module.service_account.yandex_iam_service_account.ingress",
            "module.service_account.yandex_iam_service_account.sa",
            "module.service_account.yandex_iam_service_account_key.ingress",
            "module.service_account.yandex_resourcemanager_folder_iam_member.alb_editor",
            "module.service_account.yandex_resourcemanager_folder_iam_member.editor",
            "module.vpcs.yandex_vpc_network.network",
            "module.vpcs.yandex_vpc_subnet.subnet"
          ]
        }
      ]
    }
  ],
  "check_results": null
}
