{
  "version": 4,
  "terraform_version": "1.3.7",
  "serial": 155,
  "lineage": "f9c64285-4aa2-c564-b940-8af489bbd63b",
  "outputs": {
    "instances": {
      "value": [
        "51.250.94.39"
      ],
      "type": [
        "tuple",
        [
          "string"
        ]
      ]
    },
    "ip_kuber": {
      "value": [
        "e9bquu1p5i22kmrc7ivd"
      ],
      "type": [
        "set",
        "string"
      ]
    },
    "json_key": {
      "value": "{\"created_at\":\"2023-01-09T18:42:07Z\",\"id\":\"ajeakur8k35ev830q13v\",\"key_algorithm\":\"RSA_4096\",\"private_key\":\"-----BEGIN PRIVATE KEY-----\\nMIIJQwIBADANBgkqhkiG9w0BAQEFAASCCS0wggkpAgEAAoICAQDm2TPAS7nRLbHX\\nj4bcefveo3i/aJGS3AzfOWFMc1nBEH6BN2tu/YWEDpu9r8iw+u0JBDmbEVeOyTra\\nkRw3Egw/gPui4tRi0qsg90giNMomQK7KHE02NlCCtyWP5pDL8UDBOnEhhlzfdjEV\\nZKxrqIjwTg6kSwYKeyqJi/knjI6Dlc4mK8za4LI8qOqG/8iyHDZZevmuXLMN9Mdb\\nrC+OTn/ZuDUnwyAfXRJELmcd2VLAZutUwkVeuUClC7cLRffRkkyGdf5nD/498V9F\\na2GSDZqn/n5hlXa8CPwq94E8RpwhayJWOqhYbuoRgRKlfKUeOFVXr66uEisihhIp\\n3KzVeYt41Jw6qVn78mmb56QUlSxs+nL7ImmOtV4zlKZWpq7M4tIsXrs1gsRyu7UH\\nltkLstaEncuK29gl2GbNiqFU/98i9gO/QbJ3hFozLO/uhswBJmtSEOX52WlWd271\\n//TOK2lXOKcIt3tB9LCWox/8R7C3Kv6qJ6gGh+BlWQ2yjY92tC7T639OiIvK5aOD\\nsdnJVo0bAgC5GsKaHX1fH6hlfysivj3ecP7pj37N27uJG6xcWyqlqGI79ruwFQCO\\nhKEdt54DCe0RZwfIgY1Qsw4JJ/qaMyzEQZx2UUNRHmPCg4VLBlWGaimDdDbw2Acr\\n8liZFpEZcz/giagRepsHXjUfQCHGjwIDAQABAoICABQ3EwQU3YnG0ZsJ04p9GCRP\\n9mP0mULeCDaIBNA4DbUNZ7aTDtJiWw3MZbD/srhk0NsIRq8gnqU/U+sN6AWei/oH\\npoGGEYkx35B8dxGfw9ADvAqw3cYQjY5U0XI/g5CIaN5C6uM/q+RZqkSwUzT+Rjec\\n7kVO2JGUZY4z9raS5Wv6c1n+XesQ4CrVs+vsfDu0osHFNhYhwgBH3ilV87gngaSk\\nL+tyd96nPNFBqv//JvL4UEVU2dRIrrOFShsvnlr4z8C6lnOZ/+6Ws3wVwi6TCGcL\\nry+GciZXNxXgJK4NlOCMTC525oUP+Wlc/zAEsUTrM/YAyXAu4R4d1Xta+rua8C6T\\nBB/GtAppLw1ek7t2Bn0vp/QAY8pM6/qv1RoIMfRps2aDUbqpKNveih29nTmd024d\\nTV7HqnDsK26e6TPsWBY81AfqsTXWGNGFT5cKkxxD50XUJ1h+G3ETK6smnd7pg6wD\\nv+Ac6bQ1CnZymU+JX9LG8xZN1tFdlMvMHPAgGEcjlerjqTaB38MVyH6s/xBn0ipl\\nLU42po4bm2EtonW1nYhtzf6DAAwKSL1nmD2VTM8hdKUjUk1/HPat9NM0UK4zPMWC\\nxNGU9jViZXYV2JvE+pHsbQ94V1TZKfY4/7fPbUW/8hJDPSlFo5+8F6elQPi/W6T0\\nEiLplXdajEsums5N7QqBAoIBAQDzekVr4z3dO/AdSY6bL5c4swH2VaRkPONHU2lB\\nKGexGwfPlW2EFgwCvMmkPsyccZqfqO1in0Yo9ShuUW5YoklKG8Ln5i3M/Vy90jDY\\nvwWXVqmm3Drzq6GflcK8igfNr3NU581+F2WzlfOAKrqnGaPbBny3zkI7ofEN3vMC\\n+vrZkPG2g5FvEia5j+fh9V8o9lMkahIi4vVZvho26WpHWnSK24sHFHnRZfq3ILGi\\n80XQspP4rTUh6Ow6CRiGHT0SvN/Vrj0tYHLA4x3pTfZ3kyOVEDJ+OR0tMo7e7ngS\\n8ywmIcM2bTI804IJhGmv+qGPVApsqQCkYcMQ0Xr5A9K6JjzPAoIBAQDyuKZh6n4m\\nmV9Zt1lV7M/F5GNSXCXhVRNJuF6vcIK9TJyQkHAI34MqATIMsv45/RJI6265RJ+x\\nCLGhP8K4Xcn5Pi2Qkd+r6f3Q+qoANc4l9mGxZs/T8hySaBtixl/MGkMyNzsCtcDr\\n61T7cmryj9ejZAatOXwEPa3XQri3CQgazcU7Ld6YdaDkO7wKhH3a3KudMHCjiC4O\\n1/23NCYVAsWxjwIM+Ww0LoSHyD5mjOhnxlP5VXEch+xzi4EvL8UrddL5+VDHKBmj\\nz5osb06GjC3ohFR/83cYQMiKCzlCcYFE7tXVga5GjzhmEXfyq9nOJXKZ95VeojMc\\n8e4LcZTuv8pBAoIBAQDv+HYNtMYXk+i/5OzB9TD1eDEZ6iUBiqVzejmGN92jSAH1\\nzdBH3DbwR8PxtteR5cJBVIzLpDHRUngL6wR4JVNY0G3UhCBmJt1OValBJ1zKYWcK\\nh4su+N1uXXu2udChICjq6SC3AzaAvu1lSDf5VCMUT5uCya6r+ZuNUU1whY/R+bLS\\ncXBY6anzQGuKYH3u8IDXphfD/K9XSS+rKXlPZE7zQRkQ3FSIVxu5fGa4NU99N1Ty\\nRzzT9C9HsAlUveKg4jk28OlpHONdSzwC441lI0dxtqodkAs6rdb00FLWUogT+Tjf\\nHtbh7pD+8lv8T2kGzA0ONa/lVFme7OhoICWExQUvAoIBAAVsCot1aYwDMRYX+m7o\\n81tAVteoJ1B5Tgz/iV3x7Xm9FGJGV7pbA9sUW8Hc3cD93kKyv65z0f1qbE1l1zu3\\nHKPst6fbGlwExh68+r82dHx0nIoR+eKKLgk3OiViuREeJRIiGbddyAl9IFDdpXX1\\nsKN9wIhuGE8f8Zo1a1rrYLr4jcdcpvRQ7F8s1m6FtyoEc/D2/A0rJZw/RvOovpEJ\\nltD4mNshV0FzKJK/7mTsEOUAkS+osPYqMyYBn8kmEAmAgE4FO8C3LJt0L8V+Vwq6\\nZuwiyKBzF9361IAA8C6Dypd3nl8+nl4FJQViroNFQ4BPZdf6p+ONTAcBgIfQ6brL\\nngECggEBAN6cNpkwDYrRN48cCLJnasKD2pTlxHWfRTY7VzXArL/xpkCXHoj4i4jl\\nhLNXNC0oiYDuGWtwcSIHFfhUxHudw1aTEj+7TcVSvwOJlYG0D0a8jyiUXWoQJyNn\\n8GlEfvcgrphK19H/OfB+ETVxZKK0nyKWbrJUHxDw5qm7e2e6r3NwLofJA/GETXIV\\nDzFM3udhF9GsOofokok94oIx3eqKin8F+X7wLjnoZ1g8enX6cy0m2E5psC94CRe4\\n5djnnz1bBPorJxq54Qmi1j+krMCTSwbQu+zZ14MprwuCfKnAuUL1bqoObHGaUiRj\\nPiFYGPkclQ7vXbpB/Sf2jkWeV89hVJo=\\n-----END PRIVATE KEY-----\\n\",\"public_key\":\"-----BEGIN PUBLIC KEY-----\\nMIICIjANBgkqhkiG9w0BAQEFAAOCAg8AMIICCgKCAgEA5tkzwEu50S2x14+G3Hn7\\n3qN4v2iRktwM3zlhTHNZwRB+gTdrbv2FhA6bva/IsPrtCQQ5mxFXjsk62pEcNxIM\\nP4D7ouLUYtKrIPdIIjTKJkCuyhxNNjZQgrclj+aQy/FAwTpxIYZc33YxFWSsa6iI\\n8E4OpEsGCnsqiYv5J4yOg5XOJivM2uCyPKjqhv/Ishw2WXr5rlyzDfTHW6wvjk5/\\n2bg1J8MgH10SRC5nHdlSwGbrVMJFXrlApQu3C0X30ZJMhnX+Zw/+PfFfRWthkg2a\\np/5+YZV2vAj8KveBPEacIWsiVjqoWG7qEYESpXylHjhVV6+urhIrIoYSKdys1XmL\\neNScOqlZ+/Jpm+ekFJUsbPpy+yJpjrVeM5SmVqauzOLSLF67NYLEcru1B5bZC7LW\\nhJ3LitvYJdhmzYqhVP/fIvYDv0Gyd4RaMyzv7obMASZrUhDl+dlpVndu9f/0zitp\\nVzinCLd7QfSwlqMf/Eewtyr+qieoBofgZVkNso2PdrQu0+t/ToiLyuWjg7HZyVaN\\nGwIAuRrCmh19Xx+oZX8rIr493nD+6Y9+zdu7iRusXFsqpahiO/a7sBUAjoShHbee\\nAwntEWcHyIGNULMOCSf6mjMsxEGcdlFDUR5jwoOFSwZVhmopg3Q28NgHK/JYmRaR\\nGXM/4ImoEXqbB141H0Ahxo8CAwEAAQ==\\n-----END PUBLIC KEY-----\\n\",\"service_account_id\":\"aje8g331scb4q06f1208\"}",
      "type": "string",
      "sensitive": true
    },
    "networks": {
      "value": [
        {
          "vpcs": {
            "network_id": "enp5roinnffj225ov7j0",
            "subnet_id": [
              "e9bquu1p5i22kmrc7ivd"
            ],
            "subnet_zone": [
              "ru-central1-a"
            ]
          }
        }
      ],
      "type": [
        "tuple",
        [
          [
            "object",
            {
              "vpcs": [
                "object",
                {
                  "network_id": "string",
                  "subnet_id": [
                    "tuple",
                    [
                      "string"
                    ]
                  ],
                  "subnet_zone": [
                    "tuple",
                    [
                      "string"
                    ]
                  ]
                }
              ]
            }
          ]
        ]
      ]
    },
    "networks-1": {
      "value": "enp5roinnffj225ov7j0",
      "type": "string"
    },
    "security_group_name": {
      "value": "enpk4lj0kjpqekfa8745",
      "type": "string"
    },
    "subnet-1": {
      "value": [
        "e9bquu1p5i22kmrc7ivd"
      ],
      "type": [
        "tuple",
        [
          "string"
        ]
      ]
    },
    "test": {
      "value": "e9bquu1p5i22kmrc7ivd",
      "type": "string"
    },
    "test2": {
      "value": "ru-central1-a",
      "type": "string"
    }
  },
  "resources": [
    {
      "module": "module.dns_zone[\"msh762.ru\"]",
      "mode": "managed",
      "type": "yandex_dns_recordset",
      "name": "records",
      "provider": "provider[\"registry.terraform.io/yandex-cloud/yandex\"]",
      "instances": [
        {
          "index_key": " A",
          "schema_version": 0,
          "attributes": {
            "data": [
              "51.250.94.39"
            ],
            "id": "dns2hjr152dieqssj3tt/msh762.ru./A",
            "name": "msh762.ru.",
            "timeouts": null,
            "ttl": 30,
            "type": "A",
            "zone_id": "dns2hjr152dieqssj3tt"
          },
          "sensitive_attributes": [],
          "private": "eyJlMmJmYjczMC1lY2FhLTExZTYtOGY4OC0zNDM2M2JjN2M0YzAiOnsiY3JlYXRlIjozMDAwMDAwMDAwMDAsImRlbGV0ZSI6MzAwMDAwMDAwMDAwLCJ1cGRhdGUiOjMwMDAwMDAwMDAwMH19",
          "dependencies": [
            "module.dns_zone.yandex_dns_zone.dns_zone",
            "module.instancies.yandex_compute_instance.instance",
            "module.vpcs.yandex_vpc_network.network",
            "module.vpcs.yandex_vpc_subnet.subnet"
          ]
        },
        {
          "index_key": "*.infra A",
          "schema_version": 0,
          "attributes": {
            "data": [
              "51.250.94.39"
            ],
            "id": "dns2hjr152dieqssj3tt/*.infra/A",
            "name": "*.infra",
            "timeouts": null,
            "ttl": 30,
            "type": "A",
            "zone_id": "dns2hjr152dieqssj3tt"
          },
          "sensitive_attributes": [],
          "private": "eyJlMmJmYjczMC1lY2FhLTExZTYtOGY4OC0zNDM2M2JjN2M0YzAiOnsiY3JlYXRlIjozMDAwMDAwMDAwMDAsImRlbGV0ZSI6MzAwMDAwMDAwMDAwLCJ1cGRhdGUiOjMwMDAwMDAwMDAwMH19",
          "dependencies": [
            "module.dns_zone.yandex_dns_zone.dns_zone",
            "module.instancies.yandex_compute_instance.instance",
            "module.vpcs.yandex_vpc_network.network",
            "module.vpcs.yandex_vpc_subnet.subnet"
          ]
        },
        {
          "index_key": "gitlab A",
          "schema_version": 0,
          "attributes": {
            "data": [
              "51.250.94.39"
            ],
            "id": "dns2hjr152dieqssj3tt/gitlab/A",
            "name": "gitlab",
            "timeouts": null,
            "ttl": 30,
            "type": "A",
            "zone_id": "dns2hjr152dieqssj3tt"
          },
          "sensitive_attributes": [],
          "private": "eyJlMmJmYjczMC1lY2FhLTExZTYtOGY4OC0zNDM2M2JjN2M0YzAiOnsiY3JlYXRlIjozMDAwMDAwMDAwMDAsImRlbGV0ZSI6MzAwMDAwMDAwMDAwLCJ1cGRhdGUiOjMwMDAwMDAwMDAwMH19",
          "dependencies": [
            "module.dns_zone.yandex_dns_zone.dns_zone",
            "module.instancies.yandex_compute_instance.instance",
            "module.vpcs.yandex_vpc_network.network",
            "module.vpcs.yandex_vpc_subnet.subnet"
          ]
        }
      ]
    },
    {
      "module": "module.dns_zone[\"msh762.ru\"]",
      "mode": "managed",
      "type": "yandex_dns_zone",
      "name": "dns_zone",
      "provider": "provider[\"registry.terraform.io/yandex-cloud/yandex\"]",
      "instances": [
        {
          "schema_version": 0,
          "attributes": {
            "created_at": "2023-01-09T18:42:36Z",
            "description": "",
            "folder_id": "b1gej9vsvd338lgf242g",
            "id": "dns2hjr152dieqssj3tt",
            "labels": {},
            "name": "msh762-zone",
            "private_networks": [],
            "public": true,
            "timeouts": null,
            "zone": "msh762.ru."
          },
          "sensitive_attributes": [],
          "private": "eyJlMmJmYjczMC1lY2FhLTExZTYtOGY4OC0zNDM2M2JjN2M0YzAiOnsiY3JlYXRlIjozMDAwMDAwMDAwMDAsImRlbGV0ZSI6MzAwMDAwMDAwMDAwLCJ1cGRhdGUiOjMwMDAwMDAwMDAwMH19",
          "dependencies": [
            "module.instancies.yandex_compute_instance.instance",
            "module.vpcs.yandex_vpc_network.network",
            "module.vpcs.yandex_vpc_subnet.subnet"
          ]
        }
      ]
    },
    {
      "module": "module.instancies[\"instancies\"]",
      "mode": "managed",
      "type": "yandex_compute_instance",
      "name": "instance",
      "provider": "provider[\"registry.terraform.io/yandex-cloud/yandex\"]",
      "instances": [
        {
          "index_key": "fd8autg36kchufhej85b ru-central1-a  name1 4 8 30 true demo-instance-user-data-0.yaml",
          "schema_version": 1,
          "attributes": {
            "allow_recreate": null,
            "allow_stopping_for_update": null,
            "boot_disk": [
              {
                "auto_delete": true,
                "device_name": "fhmuk3e7530e6f6bu2ta",
                "disk_id": "fhmuk3e7530e6f6bu2ta",
                "initialize_params": [
                  {
                    "block_size": 4096,
                    "description": "",
                    "image_id": "fd8autg36kchufhej85b",
                    "name": "",
                    "size": 30,
                    "snapshot_id": "",
                    "type": "network-hdd"
                  }
                ],
                "mode": "READ_WRITE"
              }
            ],
            "created_at": "2023-01-09T18:42:05Z",
            "description": "",
            "filesystem": [],
            "folder_id": "b1gej9vsvd338lgf242g",
            "fqdn": "fhmssfj7r0aqtk0g7vo2.auto.internal",
            "hostname": "",
            "id": "fhmssfj7r0aqtk0g7vo2",
            "labels": {},
            "local_disk": [],
            "metadata": {
              "user-data": "#cloud-config\nusers:\n  - name: mikhail\n    groups: sudo\n    shell: /bin/bash\n    sudo: ['ALL=(ALL) NOPASSWD:ALL']\n    ssh_authorized_keys:\n      - ssh-rsa AAAAB3NzaC1yc2EAAAADAQABAAABgQCYKe3FJkCn/GiKqKbc9Ow6bAaVXgUIXD+tVkdUYGCn6hl7LQggQqVLCX8PbpSx/14JXlCLjw3rVmLwNU8oI+fn5S4mQiFCLNyIigoLBaUhETu7bMgJzQli+EC4g/kcg+l5bqCs7bvqNMCFi1xhE0BFz7yUblkVccRcufEsQ/9t8SRVi99VMdUkXIh0Mas2CVU+dEq2BNTymORsICimh8CscTBm2wGqLOlGdobFg3r+muUs2LrdVKOl1d2/Oh2PQBXgRMmEM4tByJFtDSydvk38Vl7Ll4l+H5cZKxQj4x/WS2jE5t8kZq9k+ebVdDy7Or5aekNjmERz1vcO7fsHdBixrLsgOOe6+3sG4KAr3A7YaB7O0opEeAkcaQevFg/2sHaE/vsas9WwKhbPPis+jbLVeL1nGsjN2VzV1xFocTJSdSxYOQUF4N0kbuSj1OR1SPg0nS3m7qaI0Lf/+eyzzXyGJzeNQhHwPLiuND9izcNlZ0+MYrB08dC87WqzoGzlTkM= mikhail@mikhailHP"
            },
            "metadata_options": [
              {
                "aws_v1_http_endpoint": 1,
                "aws_v1_http_token": 1,
                "gce_http_endpoint": 1,
                "gce_http_token": 1
              }
            ],
            "name": "name1",
            "network_acceleration_type": "standard",
            "network_interface": [
              {
                "dns_record": [],
                "index": 0,
                "ip_address": "192.168.0.25",
                "ipv4": true,
                "ipv6": false,
                "ipv6_address": "",
                "ipv6_dns_record": [],
                "mac_address": "d0:0d:1c:e3:e6:7d",
                "nat": true,
                "nat_dns_record": [],
                "nat_ip_address": "51.250.94.39",
                "nat_ip_version": "IPV4",
                "security_group_ids": [],
                "subnet_id": "e9bquu1p5i22kmrc7ivd"
              }
            ],
            "placement_policy": [
              {
                "host_affinity_rules": [],
                "placement_group_id": ""
              }
            ],
            "platform_id": "standard-v1",
            "resources": [
              {
                "core_fraction": 100,
                "cores": 4,
                "gpus": 0,
                "memory": 8
              }
            ],
            "scheduling_policy": [
              {
                "preemptible": false
              }
            ],
            "secondary_disk": [],
            "service_account_id": "",
            "status": "running",
            "timeouts": null,
            "zone": "ru-central1-a"
          },
          "sensitive_attributes": [],
          "private": "eyJlMmJmYjczMC1lY2FhLTExZTYtOGY4OC0zNDM2M2JjN2M0YzAiOnsiY3JlYXRlIjozMDAwMDAwMDAwMDAsImRlbGV0ZSI6MzAwMDAwMDAwMDAwLCJ1cGRhdGUiOjMwMDAwMDAwMDAwMH0sInNjaGVtYV92ZXJzaW9uIjoiMSJ9",
          "dependencies": [
            "module.vpcs.yandex_vpc_network.network",
            "module.vpcs.yandex_vpc_subnet.subnet"
          ]
        }
      ]
    },
    {
      "module": "module.inventory",
      "mode": "managed",
      "type": "local_file",
      "name": "inventory",
      "provider": "provider[\"registry.terraform.io/hashicorp/local\"]",
      "instances": [
        {
          "schema_version": 0,
          "attributes": {
            "content": "[nodes]\ntest-node-0 ansible_host=51.250.94.39 ansible_user=mikhail\n",
            "content_base64": null,
            "directory_permission": "0777",
            "file_permission": "0777",
            "filename": "../ansible/hosts",
            "id": "2eea5416f97651e2ac43c87a5207aa4f32d20f01",
            "sensitive_content": null,
            "source": null
          },
          "sensitive_attributes": [],
          "private": "bnVsbA==",
          "dependencies": [
            "module.instancies.yandex_compute_instance.instance",
            "module.vpcs.yandex_vpc_network.network",
            "module.vpcs.yandex_vpc_subnet.subnet"
          ]
        }
      ]
    },
    {
      "module": "module.k8s_security_group",
      "mode": "managed",
      "type": "yandex_vpc_security_group",
      "name": "k8s-main-sg",
      "provider": "provider[\"registry.terraform.io/yandex-cloud/yandex\"]",
      "instances": [
        {
          "schema_version": 0,
          "attributes": {
            "created_at": "2023-01-09T18:42:05Z",
            "description": "Правила группы обеспечивают базовую работоспособность кластера. Примените ее к кластеру и группам узлов.",
            "egress": [
              {
                "description": "Правило разрешает весь исходящий трафик. Узлы могут связаться с Yandex Container Registry, Object Storage, Docker Hub и т. д.",
                "from_port": 0,
                "id": "enpgki7be2b29u926e3v",
                "labels": {},
                "port": -1,
                "predefined_target": "",
                "protocol": "ANY",
                "security_group_id": "",
                "to_port": 65535,
                "v4_cidr_blocks": [
                  "0.0.0.0/0"
                ],
                "v6_cidr_blocks": []
              }
            ],
            "folder_id": "b1gej9vsvd338lgf242g",
            "id": "enpk4lj0kjpqekfa8745",
            "ingress": [
              {
                "description": "",
                "from_port": -1,
                "id": "enp0g9un3qfamddg0u40",
                "labels": {},
                "port": -1,
                "predefined_target": "",
                "protocol": "TCP",
                "security_group_id": "",
                "to_port": -1,
                "v4_cidr_blocks": [
                  "198.18.235.0/24",
                  "198.18.248.0/24"
                ],
                "v6_cidr_blocks": []
              },
              {
                "description": "",
                "from_port": -1,
                "id": "enphl7pbnsbc9v4d1sh6",
                "labels": {},
                "port": 80,
                "predefined_target": "",
                "protocol": "TCP",
                "security_group_id": "",
                "to_port": -1,
                "v4_cidr_blocks": [
                  "0.0.0.0/0"
                ],
                "v6_cidr_blocks": []
              },
              {
                "description": "",
                "from_port": -1,
                "id": "enpu9mhb27l24kva7268",
                "labels": {},
                "port": 443,
                "predefined_target": "",
                "protocol": "TCP",
                "security_group_id": "",
                "to_port": -1,
                "v4_cidr_blocks": [
                  "0.0.0.0/0"
                ],
                "v6_cidr_blocks": []
              },
              {
                "description": "Правило разрешает взаимодействие мастер-узел и узел-узел внутри группы безопасности.",
                "from_port": 0,
                "id": "enpvtnkq84mu4o3s71mo",
                "labels": {},
                "port": -1,
                "predefined_target": "self_security_group",
                "protocol": "ANY",
                "security_group_id": "",
                "to_port": 65535,
                "v4_cidr_blocks": [],
                "v6_cidr_blocks": []
              },
              {
                "description": "Правило разрешает взаимодействие под-под и сервис-сервис. Укажите подсети вашего кластера и сервисов.",
                "from_port": 0,
                "id": "enpo9ulgquqal6sv3m0a",
                "labels": {},
                "port": -1,
                "predefined_target": "",
                "protocol": "ANY",
                "security_group_id": "",
                "to_port": 65535,
                "v4_cidr_blocks": [
                  "10.96.0.0/16",
                  "10.112.0.0/16"
                ],
                "v6_cidr_blocks": []
              },
              {
                "description": "Правило разрешает отладочные ICMP-пакеты из внутренних подсетей.",
                "from_port": -1,
                "id": "enpm7bqpvd9dg038t8ta",
                "labels": {},
                "port": -1,
                "predefined_target": "",
                "protocol": "ICMP",
                "security_group_id": "",
                "to_port": -1,
                "v4_cidr_blocks": [
                  "172.16.0.0/12",
                  "10.0.0.0/8",
                  "192.168.0.0/16"
                ],
                "v6_cidr_blocks": []
              }
            ],
            "labels": {},
            "name": "k8s-main-sg",
            "network_id": "enp5roinnffj225ov7j0",
            "status": "ACTIVE",
            "timeouts": null
          },
          "sensitive_attributes": [],
          "private": "eyJlMmJmYjczMC1lY2FhLTExZTYtOGY4OC0zNDM2M2JjN2M0YzAiOnsiY3JlYXRlIjoxODAwMDAwMDAwMDAsImRlbGV0ZSI6MTgwMDAwMDAwMDAwLCJ1cGRhdGUiOjE4MDAwMDAwMDAwMH19",
          "dependencies": [
            "module.vpcs.yandex_vpc_network.network",
            "module.vpcs.yandex_vpc_subnet.subnet"
          ]
        }
      ]
    },
    {
      "module": "module.kubernetes_node_group",
      "mode": "managed",
      "type": "yandex_kubernetes_node_group",
      "name": "node_group",
      "provider": "provider[\"registry.terraform.io/yandex-cloud/yandex\"]",
      "instances": [
        {
          "schema_version": 0,
          "attributes": {
            "allocation_policy": [
              {
                "location": [
                  {
                    "subnet_id": "e9bquu1p5i22kmrc7ivd",
                    "zone": "ru-central1-a"
                  }
                ]
              }
            ],
            "allowed_unsafe_sysctls": [],
            "cluster_id": "catsp3vp1lo8518s2n4g",
            "created_at": "2023-01-09T18:49:41Z",
            "deploy_policy": [
              {
                "max_expansion": 3,
                "max_unavailable": 0
              }
            ],
            "description": "",
            "id": "catp7h1homt0so6apdgf",
            "instance_group_id": "cl1lbnp9g3u7k007n2ns",
            "instance_template": [
              {
                "boot_disk": [
                  {
                    "size": 30,
                    "type": "network-hdd"
                  }
                ],
                "container_runtime": [
                  {
                    "type": "containerd"
                  }
                ],
                "labels": {},
                "metadata": {
                  "ssh-keys": "mikhail:ssh-rsa AAAAB3NzaC1yc2EAAAADAQABAAABgQCYKe3FJkCn/GiKqKbc9Ow6bAaVXgUIXD+tVkdUYGCn6hl7LQggQqVLCX8PbpSx/14JXlCLjw3rVmLwNU8oI+fn5S4mQiFCLNyIigoLBaUhETu7bMgJzQli+EC4g/kcg+l5bqCs7bvqNMCFi1xhE0BFz7yUblkVccRcufEsQ/9t8SRVi99VMdUkXIh0Mas2CVU+dEq2BNTymORsICimh8CscTBm2wGqLOlGdobFg3r+muUs2LrdVKOl1d2/Oh2PQBXgRMmEM4tByJFtDSydvk38Vl7Ll4l+H5cZKxQj4x/WS2jE5t8kZq9k+ebVdDy7Or5aekNjmERz1vcO7fsHdBixrLsgOOe6+3sG4KAr3A7YaB7O0opEeAkcaQevFg/2sHaE/vsas9WwKhbPPis+jbLVeL1nGsjN2VzV1xFocTJSdSxYOQUF4N0kbuSj1OR1SPg0nS3m7qaI0Lf/+eyzzXyGJzeNQhHwPLiuND9izcNlZ0+MYrB08dC87WqzoGzlTkM= mikhail@mikhailHP\n"
                },
                "name": "",
                "nat": true,
                "network_acceleration_type": "type_unspecified",
                "network_interface": [
                  {
                    "ipv4": true,
                    "ipv4_dns_records": [],
                    "ipv6": false,
                    "ipv6_dns_records": [],
                    "nat": true,
                    "security_group_ids": [],
                    "subnet_ids": [
                      "e9bquu1p5i22kmrc7ivd"
                    ]
                  }
                ],
                "placement_policy": [],
                "platform_id": "standard-v2",
                "resources": [
                  {
                    "core_fraction": 100,
                    "cores": 2,
                    "gpus": 0,
                    "memory": 2
                  }
                ],
                "scheduling_policy": [
                  {
                    "preemptible": false
                  }
                ]
              }
            ],
            "labels": {},
            "maintenance_policy": [
              {
                "auto_repair": true,
                "auto_upgrade": true,
                "maintenance_window": [
                  {
                    "day": "friday",
                    "duration": "4h30m0s",
                    "start_time": "10:00:00.000000000"
                  },
                  {
                    "day": "monday",
                    "duration": "3h0m0s",
                    "start_time": "15:00:00.000000000"
                  }
                ]
              }
            ],
            "name": "kube-infra",
            "node_labels": {},
            "node_taints": [],
            "scale_policy": [
              {
                "auto_scale": [],
                "fixed_scale": [
                  {
                    "size": 1
                  }
                ]
              }
            ],
            "status": "running",
            "timeouts": null,
            "version": "1.22",
            "version_info": [
              {
                "current_version": "1.22",
                "new_revision_available": false,
                "new_revision_summary": "",
                "version_deprecated": false
              }
            ]
          },
          "sensitive_attributes": [],
          "private": "eyJlMmJmYjczMC1lY2FhLTExZTYtOGY4OC0zNDM2M2JjN2M0YzAiOnsiY3JlYXRlIjozNjAwMDAwMDAwMDAwLCJkZWxldGUiOjEyMDAwMDAwMDAwMDAsInJlYWQiOjYwMDAwMDAwMDAwMCwidXBkYXRlIjozNjAwMDAwMDAwMDAwfX0=",
          "dependencies": [
            "module.k8s_security_group.yandex_vpc_security_group.k8s-main-sg",
            "module.service_account.yandex_iam_service_account.ingress",
            "module.service_account.yandex_iam_service_account.sa",
            "module.service_account.yandex_iam_service_account_key.ingress",
            "module.service_account.yandex_resourcemanager_folder_iam_member.alb_editor",
            "module.service_account.yandex_resourcemanager_folder_iam_member.editor",
            "module.vpcs.yandex_vpc_network.network",
            "module.vpcs.yandex_vpc_subnet.subnet",
            "module.yandex_kubernetes_cluster.yandex_kubernetes_cluster.zonal_cluster"
          ]
        }
      ]
    },
    {
      "module": "module.service_account",
      "mode": "managed",
      "type": "yandex_iam_service_account",
      "name": "ingress",
      "provider": "provider[\"registry.terraform.io/yandex-cloud/yandex\"]",
      "instances": [
        {
          "schema_version": 0,
          "attributes": {
            "created_at": "2023-01-09T18:42:02Z",
            "description": "",
            "folder_id": "b1gej9vsvd338lgf242g",
            "id": "aje8g331scb4q06f1208",
            "name": "ingress-controller",
            "timeouts": null
          },
          "sensitive_attributes": [],
          "private": "eyJlMmJmYjczMC1lY2FhLTExZTYtOGY4OC0zNDM2M2JjN2M0YzAiOnsiY3JlYXRlIjo2MDAwMDAwMDAwMCwiZGVsZXRlIjo2MDAwMDAwMDAwMCwidXBkYXRlIjo2MDAwMDAwMDAwMH19"
        }
      ]
    },
    {
      "module": "module.service_account",
      "mode": "managed",
      "type": "yandex_iam_service_account",
      "name": "sa",
      "provider": "provider[\"registry.terraform.io/yandex-cloud/yandex\"]",
      "instances": [
        {
          "schema_version": 0,
          "attributes": {
            "created_at": "2023-01-09T18:42:03Z",
            "description": "",
            "folder_id": "b1gej9vsvd338lgf242g",
            "id": "ajeehheoh3taf473aj6c",
            "name": "kube-infra",
            "timeouts": null
          },
          "sensitive_attributes": [],
          "private": "eyJlMmJmYjczMC1lY2FhLTExZTYtOGY4OC0zNDM2M2JjN2M0YzAiOnsiY3JlYXRlIjo2MDAwMDAwMDAwMCwiZGVsZXRlIjo2MDAwMDAwMDAwMCwidXBkYXRlIjo2MDAwMDAwMDAwMH19"
        }
      ]
    },
    {
      "module": "module.service_account",
      "mode": "managed",
      "type": "yandex_iam_service_account_key",
      "name": "ingress",
      "provider": "provider[\"registry.terraform.io/yandex-cloud/yandex\"]",
      "instances": [
        {
          "schema_version": 0,
          "attributes": {
            "created_at": "2023-01-09T18:42:07Z",
            "description": "",
            "encrypted_private_key": null,
            "format": "PEM_FILE",
            "id": "ajeakur8k35ev830q13v",
            "key_algorithm": "RSA_4096",
            "key_fingerprint": null,
            "pgp_key": null,
            "private_key": "-----BEGIN PRIVATE KEY-----\nMIIJQwIBADANBgkqhkiG9w0BAQEFAASCCS0wggkpAgEAAoICAQDm2TPAS7nRLbHX\nj4bcefveo3i/aJGS3AzfOWFMc1nBEH6BN2tu/YWEDpu9r8iw+u0JBDmbEVeOyTra\nkRw3Egw/gPui4tRi0qsg90giNMomQK7KHE02NlCCtyWP5pDL8UDBOnEhhlzfdjEV\nZKxrqIjwTg6kSwYKeyqJi/knjI6Dlc4mK8za4LI8qOqG/8iyHDZZevmuXLMN9Mdb\nrC+OTn/ZuDUnwyAfXRJELmcd2VLAZutUwkVeuUClC7cLRffRkkyGdf5nD/498V9F\na2GSDZqn/n5hlXa8CPwq94E8RpwhayJWOqhYbuoRgRKlfKUeOFVXr66uEisihhIp\n3KzVeYt41Jw6qVn78mmb56QUlSxs+nL7ImmOtV4zlKZWpq7M4tIsXrs1gsRyu7UH\nltkLstaEncuK29gl2GbNiqFU/98i9gO/QbJ3hFozLO/uhswBJmtSEOX52WlWd271\n//TOK2lXOKcIt3tB9LCWox/8R7C3Kv6qJ6gGh+BlWQ2yjY92tC7T639OiIvK5aOD\nsdnJVo0bAgC5GsKaHX1fH6hlfysivj3ecP7pj37N27uJG6xcWyqlqGI79ruwFQCO\nhKEdt54DCe0RZwfIgY1Qsw4JJ/qaMyzEQZx2UUNRHmPCg4VLBlWGaimDdDbw2Acr\n8liZFpEZcz/giagRepsHXjUfQCHGjwIDAQABAoICABQ3EwQU3YnG0ZsJ04p9GCRP\n9mP0mULeCDaIBNA4DbUNZ7aTDtJiWw3MZbD/srhk0NsIRq8gnqU/U+sN6AWei/oH\npoGGEYkx35B8dxGfw9ADvAqw3cYQjY5U0XI/g5CIaN5C6uM/q+RZqkSwUzT+Rjec\n7kVO2JGUZY4z9raS5Wv6c1n+XesQ4CrVs+vsfDu0osHFNhYhwgBH3ilV87gngaSk\nL+tyd96nPNFBqv//JvL4UEVU2dRIrrOFShsvnlr4z8C6lnOZ/+6Ws3wVwi6TCGcL\nry+GciZXNxXgJK4NlOCMTC525oUP+Wlc/zAEsUTrM/YAyXAu4R4d1Xta+rua8C6T\nBB/GtAppLw1ek7t2Bn0vp/QAY8pM6/qv1RoIMfRps2aDUbqpKNveih29nTmd024d\nTV7HqnDsK26e6TPsWBY81AfqsTXWGNGFT5cKkxxD50XUJ1h+G3ETK6smnd7pg6wD\nv+Ac6bQ1CnZymU+JX9LG8xZN1tFdlMvMHPAgGEcjlerjqTaB38MVyH6s/xBn0ipl\nLU42po4bm2EtonW1nYhtzf6DAAwKSL1nmD2VTM8hdKUjUk1/HPat9NM0UK4zPMWC\nxNGU9jViZXYV2JvE+pHsbQ94V1TZKfY4/7fPbUW/8hJDPSlFo5+8F6elQPi/W6T0\nEiLplXdajEsums5N7QqBAoIBAQDzekVr4z3dO/AdSY6bL5c4swH2VaRkPONHU2lB\nKGexGwfPlW2EFgwCvMmkPsyccZqfqO1in0Yo9ShuUW5YoklKG8Ln5i3M/Vy90jDY\nvwWXVqmm3Drzq6GflcK8igfNr3NU581+F2WzlfOAKrqnGaPbBny3zkI7ofEN3vMC\n+vrZkPG2g5FvEia5j+fh9V8o9lMkahIi4vVZvho26WpHWnSK24sHFHnRZfq3ILGi\n80XQspP4rTUh6Ow6CRiGHT0SvN/Vrj0tYHLA4x3pTfZ3kyOVEDJ+OR0tMo7e7ngS\n8ywmIcM2bTI804IJhGmv+qGPVApsqQCkYcMQ0Xr5A9K6JjzPAoIBAQDyuKZh6n4m\nmV9Zt1lV7M/F5GNSXCXhVRNJuF6vcIK9TJyQkHAI34MqATIMsv45/RJI6265RJ+x\nCLGhP8K4Xcn5Pi2Qkd+r6f3Q+qoANc4l9mGxZs/T8hySaBtixl/MGkMyNzsCtcDr\n61T7cmryj9ejZAatOXwEPa3XQri3CQgazcU7Ld6YdaDkO7wKhH3a3KudMHCjiC4O\n1/23NCYVAsWxjwIM+Ww0LoSHyD5mjOhnxlP5VXEch+xzi4EvL8UrddL5+VDHKBmj\nz5osb06GjC3ohFR/83cYQMiKCzlCcYFE7tXVga5GjzhmEXfyq9nOJXKZ95VeojMc\n8e4LcZTuv8pBAoIBAQDv+HYNtMYXk+i/5OzB9TD1eDEZ6iUBiqVzejmGN92jSAH1\nzdBH3DbwR8PxtteR5cJBVIzLpDHRUngL6wR4JVNY0G3UhCBmJt1OValBJ1zKYWcK\nh4su+N1uXXu2udChICjq6SC3AzaAvu1lSDf5VCMUT5uCya6r+ZuNUU1whY/R+bLS\ncXBY6anzQGuKYH3u8IDXphfD/K9XSS+rKXlPZE7zQRkQ3FSIVxu5fGa4NU99N1Ty\nRzzT9C9HsAlUveKg4jk28OlpHONdSzwC441lI0dxtqodkAs6rdb00FLWUogT+Tjf\nHtbh7pD+8lv8T2kGzA0ONa/lVFme7OhoICWExQUvAoIBAAVsCot1aYwDMRYX+m7o\n81tAVteoJ1B5Tgz/iV3x7Xm9FGJGV7pbA9sUW8Hc3cD93kKyv65z0f1qbE1l1zu3\nHKPst6fbGlwExh68+r82dHx0nIoR+eKKLgk3OiViuREeJRIiGbddyAl9IFDdpXX1\nsKN9wIhuGE8f8Zo1a1rrYLr4jcdcpvRQ7F8s1m6FtyoEc/D2/A0rJZw/RvOovpEJ\nltD4mNshV0FzKJK/7mTsEOUAkS+osPYqMyYBn8kmEAmAgE4FO8C3LJt0L8V+Vwq6\nZuwiyKBzF9361IAA8C6Dypd3nl8+nl4FJQViroNFQ4BPZdf6p+ONTAcBgIfQ6brL\nngECggEBAN6cNpkwDYrRN48cCLJnasKD2pTlxHWfRTY7VzXArL/xpkCXHoj4i4jl\nhLNXNC0oiYDuGWtwcSIHFfhUxHudw1aTEj+7TcVSvwOJlYG0D0a8jyiUXWoQJyNn\n8GlEfvcgrphK19H/OfB+ETVxZKK0nyKWbrJUHxDw5qm7e2e6r3NwLofJA/GETXIV\nDzFM3udhF9GsOofokok94oIx3eqKin8F+X7wLjnoZ1g8enX6cy0m2E5psC94CRe4\n5djnnz1bBPorJxq54Qmi1j+krMCTSwbQu+zZ14MprwuCfKnAuUL1bqoObHGaUiRj\nPiFYGPkclQ7vXbpB/Sf2jkWeV89hVJo=\n-----END PRIVATE KEY-----\n",
            "public_key": "-----BEGIN PUBLIC KEY-----\nMIICIjANBgkqhkiG9w0BAQEFAAOCAg8AMIICCgKCAgEA5tkzwEu50S2x14+G3Hn7\n3qN4v2iRktwM3zlhTHNZwRB+gTdrbv2FhA6bva/IsPrtCQQ5mxFXjsk62pEcNxIM\nP4D7ouLUYtKrIPdIIjTKJkCuyhxNNjZQgrclj+aQy/FAwTpxIYZc33YxFWSsa6iI\n8E4OpEsGCnsqiYv5J4yOg5XOJivM2uCyPKjqhv/Ishw2WXr5rlyzDfTHW6wvjk5/\n2bg1J8MgH10SRC5nHdlSwGbrVMJFXrlApQu3C0X30ZJMhnX+Zw/+PfFfRWthkg2a\np/5+YZV2vAj8KveBPEacIWsiVjqoWG7qEYESpXylHjhVV6+urhIrIoYSKdys1XmL\neNScOqlZ+/Jpm+ekFJUsbPpy+yJpjrVeM5SmVqauzOLSLF67NYLEcru1B5bZC7LW\nhJ3LitvYJdhmzYqhVP/fIvYDv0Gyd4RaMyzv7obMASZrUhDl+dlpVndu9f/0zitp\nVzinCLd7QfSwlqMf/Eewtyr+qieoBofgZVkNso2PdrQu0+t/ToiLyuWjg7HZyVaN\nGwIAuRrCmh19Xx+oZX8rIr493nD+6Y9+zdu7iRusXFsqpahiO/a7sBUAjoShHbee\nAwntEWcHyIGNULMOCSf6mjMsxEGcdlFDUR5jwoOFSwZVhmopg3Q28NgHK/JYmRaR\nGXM/4ImoEXqbB141H0Ahxo8CAwEAAQ==\n-----END PUBLIC KEY-----\n",
            "service_account_id": "aje8g331scb4q06f1208"
          },
          "sensitive_attributes": [],
          "private": "bnVsbA==",
          "dependencies": [
            "module.service_account.yandex_iam_service_account.ingress"
          ]
        }
      ]
    },
    {
      "module": "module.service_account",
      "mode": "managed",
      "type": "yandex_resourcemanager_folder_iam_member",
      "name": "alb_editor",
      "provider": "provider[\"registry.terraform.io/yandex-cloud/yandex\"]",
      "instances": [
        {
          "index_key": "alb.editor",
          "schema_version": 0,
          "attributes": {
            "folder_id": "b1gej9vsvd338lgf242g",
            "id": "b1gej9vsvd338lgf242g/alb.editor/serviceAccount:aje8g331scb4q06f1208",
            "member": "serviceAccount:aje8g331scb4q06f1208",
            "role": "alb.editor",
            "sleep_after": null
          },
          "sensitive_attributes": [],
          "private": "bnVsbA==",
          "dependencies": [
            "module.service_account.yandex_iam_service_account.ingress"
          ]
        },
        {
          "index_key": "certificate-manager.certificates.downloader",
          "schema_version": 0,
          "attributes": {
            "folder_id": "b1gej9vsvd338lgf242g",
            "id": "b1gej9vsvd338lgf242g/certificate-manager.certificates.downloader/serviceAccount:aje8g331scb4q06f1208",
            "member": "serviceAccount:aje8g331scb4q06f1208",
            "role": "certificate-manager.certificates.downloader",
            "sleep_after": null
          },
          "sensitive_attributes": [],
          "private": "bnVsbA==",
          "dependencies": [
            "module.service_account.yandex_iam_service_account.ingress"
          ]
        },
        {
          "index_key": "compute.viewer",
          "schema_version": 0,
          "attributes": {
            "folder_id": "b1gej9vsvd338lgf242g",
            "id": "b1gej9vsvd338lgf242g/compute.viewer/serviceAccount:aje8g331scb4q06f1208",
            "member": "serviceAccount:aje8g331scb4q06f1208",
            "role": "compute.viewer",
            "sleep_after": null
          },
          "sensitive_attributes": [],
          "private": "bnVsbA==",
          "dependencies": [
            "module.service_account.yandex_iam_service_account.ingress"
          ]
        },
        {
          "index_key": "vpc.publicAdmin",
          "schema_version": 0,
          "attributes": {
            "folder_id": "b1gej9vsvd338lgf242g",
            "id": "b1gej9vsvd338lgf242g/vpc.publicAdmin/serviceAccount:aje8g331scb4q06f1208",
            "member": "serviceAccount:aje8g331scb4q06f1208",
            "role": "vpc.publicAdmin",
            "sleep_after": null
          },
          "sensitive_attributes": [],
          "private": "bnVsbA==",
          "dependencies": [
            "module.service_account.yandex_iam_service_account.ingress"
          ]
        }
      ]
    },
    {
      "module": "module.service_account",
      "mode": "managed",
      "type": "yandex_resourcemanager_folder_iam_member",
      "name": "editor",
      "provider": "provider[\"registry.terraform.io/yandex-cloud/yandex\"]",
      "instances": [
        {
          "schema_version": 0,
          "attributes": {
            "folder_id": "b1gej9vsvd338lgf242g",
            "id": "b1gej9vsvd338lgf242g/editor/serviceAccount:ajeehheoh3taf473aj6c",
            "member": "serviceAccount:ajeehheoh3taf473aj6c",
            "role": "editor",
            "sleep_after": null
          },
          "sensitive_attributes": [],
          "private": "bnVsbA==",
          "dependencies": [
            "module.service_account.yandex_iam_service_account.sa"
          ]
        }
      ]
    },
    {
      "module": "module.vpcs[\"vpcs\"]",
      "mode": "managed",
      "type": "yandex_vpc_network",
      "name": "network",
      "provider": "provider[\"registry.terraform.io/yandex-cloud/yandex\"]",
      "instances": [
        {
          "schema_version": 0,
          "attributes": {
            "created_at": "2023-01-09T18:42:02Z",
            "default_security_group_id": "",
            "description": "",
            "folder_id": "b1gej9vsvd338lgf242g",
            "id": "enp5roinnffj225ov7j0",
            "labels": {},
            "name": "network",
            "subnet_ids": [
              "e9bi0hr2mi136djm32ij",
              "e9bp2lehjvrfrqki1616",
              "e9bquu1p5i22kmrc7ivd"
            ],
            "timeouts": null
          },
          "sensitive_attributes": [],
          "private": "eyJlMmJmYjczMC1lY2FhLTExZTYtOGY4OC0zNDM2M2JjN2M0YzAiOnsiY3JlYXRlIjo2MDAwMDAwMDAwMCwiZGVsZXRlIjo2MDAwMDAwMDAwMCwidXBkYXRlIjo2MDAwMDAwMDAwMH19"
        }
      ]
    },
    {
      "module": "module.vpcs[\"vpcs\"]",
      "mode": "managed",
      "type": "yandex_vpc_subnet",
      "name": "subnet",
      "provider": "provider[\"registry.terraform.io/yandex-cloud/yandex\"]",
      "instances": [
        {
          "index_key": "subnet ru-central1-a 192.168.0.0/24",
          "schema_version": 0,
          "attributes": {
            "created_at": "2023-01-09T18:42:03Z",
            "description": "",
            "dhcp_options": [],
            "folder_id": "b1gej9vsvd338lgf242g",
            "id": "e9bquu1p5i22kmrc7ivd",
            "labels": {},
            "name": "subnet",
            "network_id": "enp5roinnffj225ov7j0",
            "route_table_id": "",
            "timeouts": null,
            "v4_cidr_blocks": [
              "192.168.0.0/24"
            ],
            "v6_cidr_blocks": [],
            "zone": "ru-central1-a"
          },
          "sensitive_attributes": [],
          "private": "eyJlMmJmYjczMC1lY2FhLTExZTYtOGY4OC0zNDM2M2JjN2M0YzAiOnsiY3JlYXRlIjoxODAwMDAwMDAwMDAsImRlbGV0ZSI6MTgwMDAwMDAwMDAwLCJ1cGRhdGUiOjE4MDAwMDAwMDAwMH19",
          "dependencies": [
            "module.vpcs.yandex_vpc_network.network"
          ]
        }
      ]
    },
    {
      "module": "module.yandex_kubernetes_cluster",
      "mode": "managed",
      "type": "yandex_kubernetes_cluster",
      "name": "zonal_cluster",
      "provider": "provider[\"registry.terraform.io/yandex-cloud/yandex\"]",
      "instances": [
        {
          "schema_version": 0,
          "attributes": {
            "cluster_ipv4_range": "10.112.0.0/16",
            "cluster_ipv6_range": "",
            "created_at": "2023-01-09T18:42:11Z",
            "description": "",
            "folder_id": "b1gej9vsvd338lgf242g",
            "health": "healthy",
            "id": "catsp3vp1lo8518s2n4g",
            "kms_provider": [],
            "labels": {},
            "log_group_id": "ckg2bhmsp81fnkcm39i9",
            "master": [
              {
                "cluster_ca_certificate": "-----BEGIN CERTIFICATE-----\nMIIC5zCCAc+gAwIBAgIBADANBgkqhkiG9w0BAQsFADAVMRMwEQYDVQQDEwprdWJl\ncm5ldGVzMB4XDTIzMDEwOTE4NDIxM1oXDTMzMDEwNjE4NDIxM1owFTETMBEGA1UE\nAxMKa3ViZXJuZXRlczCCASIwDQYJKoZIhvcNAQEBBQADggEPADCCAQoCggEBAM9j\nm6HzmdmK60jpuT/lvc7dE24htPrt3cAG8XW88M/0+/O32FODQYgWRX7Yg5ckXP5M\n6wkhVG4P+3pG/FY1CmkmboNSR0QVSTM4SL2/oU9jBHFuKvDgxSpRAa5AJ7jCE6Yl\n2x9q8kByT7hLLwzulJb4bSxxylCQWCo7ZmAivkcc27JEh8xiDclgAxZ18vMd2YLY\nd8jcRw9AGztloRFR8yZxLHdGPEgR0inGHd6XxHE9tZUHhwxaePtWhMkGInWIwGHF\nX3LnoLIo1IZ8VnfFX1CFS3IXXI8YbDyBKty5Ga0PUCTbzVtEgzCvWHD7jdAqf3hS\nLwgAHWxr1rUFwPtSSbkCAwEAAaNCMEAwDgYDVR0PAQH/BAQDAgKkMA8GA1UdEwEB\n/wQFMAMBAf8wHQYDVR0OBBYEFEADcOCsAPTLZuf8ilLT/dXKkhs8MA0GCSqGSIb3\nDQEBCwUAA4IBAQBYfqMs/ZLzmnk1upYW/gDcD/Rgk70lDLbyYtO6LV68qDivUZDu\nuOHujpuQInfETZqskvc8VPFEeM4K4K9tA2z5as7kYrB2SSsSBWKkLpYQj3Moaoyb\nCYxQhk5+8qckoGZyIYMaf3r+TkkHb8gxIB/1f9prNMKpWlTE/j1z2XWtAJVyx7SK\nt3ShimOiSBD1dAAR3VzhVWCv6/AYqIOWLUfoV/HHlmAgWdNuEoiK8jLPSjeftE90\nap17hr/nqjoqhDNtqq4PCbY2V5vMCVLC5A2c29ZGj6TkYWl6m5rfA/iC30CMMv3q\nKdYb2SxCg4dGQY+nk1SrRvhx3pm8D39lGlHb\n-----END CERTIFICATE-----\n",
                "external_v4_address": "51.250.13.7",
                "external_v4_endpoint": "https://51.250.13.7",
                "external_v6_address": "",
                "external_v6_endpoint": "",
                "internal_v4_address": "192.168.0.32",
                "internal_v4_endpoint": "https://192.168.0.32",
                "maintenance_policy": [
                  {
                    "auto_upgrade": true,
                    "maintenance_window": [
                      {
                        "day": "",
                        "duration": "3h0m0s",
                        "start_time": "15:00:00.000000000"
                      }
                    ]
                  }
                ],
                "public_ip": true,
                "regional": [],
                "security_group_ids": [
                  "enpk4lj0kjpqekfa8745"
                ],
                "version": "1.22",
                "version_info": [
                  {
                    "current_version": "1.22",
                    "new_revision_available": false,
                    "new_revision_summary": "",
                    "version_deprecated": false
                  }
                ],
                "zonal": [
                  {
                    "subnet_id": "e9bquu1p5i22kmrc7ivd",
                    "zone": "ru-central1-a"
                  }
                ]
              }
            ],
            "name": "kube-infra",
            "network_id": "enp5roinnffj225ov7j0",
            "network_implementation": [],
            "network_policy_provider": null,
            "node_ipv4_cidr_mask_size": 24,
            "node_service_account_id": "ajeehheoh3taf473aj6c",
            "release_channel": "REGULAR",
            "service_account_id": "ajeehheoh3taf473aj6c",
            "service_ipv4_range": "10.96.0.0/16",
            "service_ipv6_range": "",
            "status": "running",
            "timeouts": null
          },
          "sensitive_attributes": [],
          "private": "eyJlMmJmYjczMC1lY2FhLTExZTYtOGY4OC0zNDM2M2JjN2M0YzAiOnsiY3JlYXRlIjoxODAwMDAwMDAwMDAwLCJkZWxldGUiOjEyMDAwMDAwMDAwMDAsInJlYWQiOjMwMDAwMDAwMDAwMCwidXBkYXRlIjoxODAwMDAwMDAwMDAwfX0=",
          "dependencies": [
            "module.k8s_security_group.yandex_vpc_security_group.k8s-main-sg",
            "module.service_account.yandex_iam_service_account.ingress",
            "module.service_account.yandex_iam_service_account.sa",
            "module.service_account.yandex_iam_service_account_key.ingress",
            "module.service_account.yandex_resourcemanager_folder_iam_member.alb_editor",
            "module.service_account.yandex_resourcemanager_folder_iam_member.editor",
            "module.vpcs.yandex_vpc_network.network",
            "module.vpcs.yandex_vpc_subnet.subnet"
          ]
        }
      ]
    }
  ],
  "check_results": null
}
